// !$*UTF8*$!
{
	archiveVersion = 1;
	classes = {
	};
	objectVersion = 46;
	objects = {

/* Begin PBXBuildFile section */
		D50BA4FC1503C630003D88DC /* MACollectionUtilities.m in Sources */ = {isa = PBXBuildFile; fileRef = D50BA4FB1503C630003D88DC /* MACollectionUtilities.m */; };
		D50BA4FD1503C7A9003D88DC /* MACollectionUtilities.m in Sources */ = {isa = PBXBuildFile; fileRef = D50BA4FB1503C630003D88DC /* MACollectionUtilities.m */; };
		D50BA5001503CA42003D88DC /* CXDocumentsIndex.m in Sources */ = {isa = PBXBuildFile; fileRef = D50BA4FF1503CA42003D88DC /* CXDocumentsIndex.m */; };
		D50BA5011503CA42003D88DC /* CXDocumentsIndex.m in Sources */ = {isa = PBXBuildFile; fileRef = D50BA4FF1503CA42003D88DC /* CXDocumentsIndex.m */; };
		D50BA5041503CA70003D88DC /* DocumentsIndexTests.m in Sources */ = {isa = PBXBuildFile; fileRef = D50BA5031503CA70003D88DC /* DocumentsIndexTests.m */; };
		D50BA5051503CB48003D88DC /* libsqlite3.dylib in Frameworks */ = {isa = PBXBuildFile; fileRef = D5ED18071501671700D78E99 /* libsqlite3.dylib */; };
		D50BA50D15042634003D88DC /* DocumentViewController.m in Sources */ = {isa = PBXBuildFile; fileRef = D50BA50B15042633003D88DC /* DocumentViewController.m */; };
		D50BA50E15042634003D88DC /* DocumentViewController.xib in Resources */ = {isa = PBXBuildFile; fileRef = D50BA50C15042634003D88DC /* DocumentViewController.xib */; };
		D53DB58E151D1A76003061B1 /* CXMailDocument.m in Sources */ = {isa = PBXBuildFile; fileRef = D53DB58D151D1A76003061B1 /* CXMailDocument.m */; };
		D53DB58F151D1A81003061B1 /* CXMailDocument.m in Sources */ = {isa = PBXBuildFile; fileRef = D53DB58D151D1A76003061B1 /* CXMailDocument.m */; };
		D53DB592151D29B7003061B1 /* HtmlDocumentTests.m in Sources */ = {isa = PBXBuildFile; fileRef = D53DB591151D29B7003061B1 /* HtmlDocumentTests.m */; };
		D53DB595151D2AAA003061B1 /* CXHtmlDocument.m in Sources */ = {isa = PBXBuildFile; fileRef = D53DB594151D2AAA003061B1 /* CXHtmlDocument.m */; };
		D53DB596151D2AAA003061B1 /* CXHtmlDocument.m in Sources */ = {isa = PBXBuildFile; fileRef = D53DB594151D2AAA003061B1 /* CXHtmlDocument.m */; };
		D53DB598151D2C28003061B1 /* tfidf.html in Resources */ = {isa = PBXBuildFile; fileRef = D53DB597151D2C28003061B1 /* tfidf.html */; };
		D5446691150AC4C100BDAE22 /* maildir.zip in Resources */ = {isa = PBXBuildFile; fileRef = D5446690150AC4C100BDAE22 /* maildir.zip */; };
		D54466B4150AC59800BDAE22 /* Foundation.framework in Frameworks */ = {isa = PBXBuildFile; fileRef = D5ED17DF15013C1400D78E99 /* Foundation.framework */; };
		D54466BE150AC5C500BDAE22 /* ioapi.c in Sources */ = {isa = PBXBuildFile; fileRef = D54466A3150AC51400BDAE22 /* ioapi.c */; };
		D54466BF150AC5C500BDAE22 /* ioapi.h in Sources */ = {isa = PBXBuildFile; fileRef = D54466A4150AC51400BDAE22 /* ioapi.h */; };
		D54466C0150AC5C500BDAE22 /* mztools.c in Sources */ = {isa = PBXBuildFile; fileRef = D54466A5150AC51400BDAE22 /* mztools.c */; };
		D54466C1150AC5C500BDAE22 /* mztools.h in Sources */ = {isa = PBXBuildFile; fileRef = D54466A6150AC51400BDAE22 /* mztools.h */; };
		D54466C2150AC5C500BDAE22 /* unzip.c in Sources */ = {isa = PBXBuildFile; fileRef = D54466A7150AC51400BDAE22 /* unzip.c */; };
		D54466C3150AC5C500BDAE22 /* unzip.h in Sources */ = {isa = PBXBuildFile; fileRef = D54466A8150AC51400BDAE22 /* unzip.h */; };
		D54466C4150AC5C500BDAE22 /* zip.c in Sources */ = {isa = PBXBuildFile; fileRef = D54466A9150AC51400BDAE22 /* zip.c */; };
		D54466C5150AC5C500BDAE22 /* zip.h in Sources */ = {isa = PBXBuildFile; fileRef = D54466AA150AC51400BDAE22 /* zip.h */; };
		D54466C6150AC5E400BDAE22 /* FileInZipInfo.h in Sources */ = {isa = PBXBuildFile; fileRef = D5446693150AC4F500BDAE22 /* FileInZipInfo.h */; };
		D54466C7150AC5E400BDAE22 /* FileInZipInfo.m in Sources */ = {isa = PBXBuildFile; fileRef = D5446694150AC4F500BDAE22 /* FileInZipInfo.m */; };
		D54466C8150AC5E400BDAE22 /* ZipException.h in Sources */ = {isa = PBXBuildFile; fileRef = D5446695150AC4F500BDAE22 /* ZipException.h */; };
		D54466C9150AC5E400BDAE22 /* ZipException.m in Sources */ = {isa = PBXBuildFile; fileRef = D5446696150AC4F500BDAE22 /* ZipException.m */; };
		D54466CA150AC5E400BDAE22 /* ZipFile.h in Sources */ = {isa = PBXBuildFile; fileRef = D5446697150AC4F500BDAE22 /* ZipFile.h */; };
		D54466CB150AC5E400BDAE22 /* ZipFile.m in Sources */ = {isa = PBXBuildFile; fileRef = D5446698150AC4F500BDAE22 /* ZipFile.m */; };
		D54466CC150AC5E400BDAE22 /* ZipReadStream.h in Sources */ = {isa = PBXBuildFile; fileRef = D5446699150AC4F500BDAE22 /* ZipReadStream.h */; };
		D54466CD150AC5E400BDAE22 /* ZipReadStream.m in Sources */ = {isa = PBXBuildFile; fileRef = D544669A150AC4F500BDAE22 /* ZipReadStream.m */; };
		D54466CE150AC5E400BDAE22 /* ZipWriteStream.h in Sources */ = {isa = PBXBuildFile; fileRef = D544669B150AC4F500BDAE22 /* ZipWriteStream.h */; };
		D54466CF150AC5E400BDAE22 /* ZipWriteStream.m in Sources */ = {isa = PBXBuildFile; fileRef = D544669C150AC4F500BDAE22 /* ZipWriteStream.m */; };
		D54466D2150AC8C800BDAE22 /* libObjectiveZip.a in Frameworks */ = {isa = PBXBuildFile; fileRef = D54466B3150AC59800BDAE22 /* libObjectiveZip.a */; };
		D552D79515650FDF006C1A82 /* access.c in Sources */ = {isa = PBXBuildFile; fileRef = D552D76515650FDF006C1A82 /* access.c */; };
		D552D79615650FDF006C1A82 /* alloc.c in Sources */ = {isa = PBXBuildFile; fileRef = D552D76715650FDF006C1A82 /* alloc.c */; };
		D552D79715650FDF006C1A82 /* attrask.c in Sources */ = {isa = PBXBuildFile; fileRef = D552D76815650FDF006C1A82 /* attrask.c */; };
		D552D79815650FDF006C1A82 /* attrdict.c in Sources */ = {isa = PBXBuildFile; fileRef = D552D76915650FDF006C1A82 /* attrdict.c */; };
		D552D79915650FDF006C1A82 /* attrget.c in Sources */ = {isa = PBXBuildFile; fileRef = D552D76B15650FDF006C1A82 /* attrget.c */; };
		D552D79A15650FDF006C1A82 /* attrs.c in Sources */ = {isa = PBXBuildFile; fileRef = D552D76C15650FDF006C1A82 /* attrs.c */; };
		D552D79B15650FDF006C1A82 /* buffio.c in Sources */ = {isa = PBXBuildFile; fileRef = D552D76E15650FDF006C1A82 /* buffio.c */; };
		D552D79C15650FDF006C1A82 /* charsets.c in Sources */ = {isa = PBXBuildFile; fileRef = D552D76F15650FDF006C1A82 /* charsets.c */; };
		D552D79D15650FDF006C1A82 /* clean.c in Sources */ = {isa = PBXBuildFile; fileRef = D552D77115650FDF006C1A82 /* clean.c */; };
		D552D79E15650FDF006C1A82 /* config.c in Sources */ = {isa = PBXBuildFile; fileRef = D552D77315650FDF006C1A82 /* config.c */; };
		D552D79F15650FDF006C1A82 /* entities.c in Sources */ = {isa = PBXBuildFile; fileRef = D552D77515650FDF006C1A82 /* entities.c */; };
		D552D7A015650FDF006C1A82 /* fileio.c in Sources */ = {isa = PBXBuildFile; fileRef = D552D77715650FDF006C1A82 /* fileio.c */; };
		D552D7A115650FDF006C1A82 /* iconvtc.c in Sources */ = {isa = PBXBuildFile; fileRef = D552D77A15650FDF006C1A82 /* iconvtc.c */; };
		D552D7A215650FDF006C1A82 /* istack.c in Sources */ = {isa = PBXBuildFile; fileRef = D552D77C15650FDF006C1A82 /* istack.c */; };
		D552D7A315650FDF006C1A82 /* lexer.c in Sources */ = {isa = PBXBuildFile; fileRef = D552D77D15650FDF006C1A82 /* lexer.c */; };
		D552D7A415650FDF006C1A82 /* localize.c in Sources */ = {isa = PBXBuildFile; fileRef = D552D77F15650FDF006C1A82 /* localize.c */; };
		D552D7A515650FDF006C1A82 /* mappedio.c in Sources */ = {isa = PBXBuildFile; fileRef = D552D78015650FDF006C1A82 /* mappedio.c */; };
		D552D7A615650FDF006C1A82 /* parser.c in Sources */ = {isa = PBXBuildFile; fileRef = D552D78315650FDF006C1A82 /* parser.c */; };
		D552D7A715650FDF006C1A82 /* pprint.c in Sources */ = {isa = PBXBuildFile; fileRef = D552D78515650FDF006C1A82 /* pprint.c */; };
		D552D7A815650FDF006C1A82 /* streamio.c in Sources */ = {isa = PBXBuildFile; fileRef = D552D78715650FDF006C1A82 /* streamio.c */; };
		D552D7A915650FDF006C1A82 /* tagask.c in Sources */ = {isa = PBXBuildFile; fileRef = D552D78915650FDF006C1A82 /* tagask.c */; };
		D552D7AA15650FDF006C1A82 /* tags.c in Sources */ = {isa = PBXBuildFile; fileRef = D552D78A15650FDF006C1A82 /* tags.c */; };
		D552D7AB15650FDF006C1A82 /* tidylib.c in Sources */ = {isa = PBXBuildFile; fileRef = D552D78D15650FDF006C1A82 /* tidylib.c */; };
		D552D7AC15650FDF006C1A82 /* tmbstr.c in Sources */ = {isa = PBXBuildFile; fileRef = D552D78E15650FDF006C1A82 /* tmbstr.c */; };
		D552D7AD15650FDF006C1A82 /* utf8.c in Sources */ = {isa = PBXBuildFile; fileRef = D552D79015650FDF006C1A82 /* utf8.c */; };
		D552D7B315651071006C1A82 /* access.c in Sources */ = {isa = PBXBuildFile; fileRef = D552D76515650FDF006C1A82 /* access.c */; };
		D552D7B415651071006C1A82 /* alloc.c in Sources */ = {isa = PBXBuildFile; fileRef = D552D76715650FDF006C1A82 /* alloc.c */; };
		D552D7B515651071006C1A82 /* attrask.c in Sources */ = {isa = PBXBuildFile; fileRef = D552D76815650FDF006C1A82 /* attrask.c */; };
		D552D7B615651071006C1A82 /* attrdict.c in Sources */ = {isa = PBXBuildFile; fileRef = D552D76915650FDF006C1A82 /* attrdict.c */; };
		D552D7B715651071006C1A82 /* attrget.c in Sources */ = {isa = PBXBuildFile; fileRef = D552D76B15650FDF006C1A82 /* attrget.c */; };
		D552D7B815651071006C1A82 /* attrs.c in Sources */ = {isa = PBXBuildFile; fileRef = D552D76C15650FDF006C1A82 /* attrs.c */; };
		D552D7B915651071006C1A82 /* buffio.c in Sources */ = {isa = PBXBuildFile; fileRef = D552D76E15650FDF006C1A82 /* buffio.c */; };
		D552D7BA15651071006C1A82 /* charsets.c in Sources */ = {isa = PBXBuildFile; fileRef = D552D76F15650FDF006C1A82 /* charsets.c */; };
		D552D7BB15651071006C1A82 /* clean.c in Sources */ = {isa = PBXBuildFile; fileRef = D552D77115650FDF006C1A82 /* clean.c */; };
		D552D7BC15651071006C1A82 /* config.c in Sources */ = {isa = PBXBuildFile; fileRef = D552D77315650FDF006C1A82 /* config.c */; };
		D552D7BD15651071006C1A82 /* entities.c in Sources */ = {isa = PBXBuildFile; fileRef = D552D77515650FDF006C1A82 /* entities.c */; };
		D552D7BE15651071006C1A82 /* fileio.c in Sources */ = {isa = PBXBuildFile; fileRef = D552D77715650FDF006C1A82 /* fileio.c */; };
		D552D7BF15651071006C1A82 /* iconvtc.c in Sources */ = {isa = PBXBuildFile; fileRef = D552D77A15650FDF006C1A82 /* iconvtc.c */; };
		D552D7C015651071006C1A82 /* istack.c in Sources */ = {isa = PBXBuildFile; fileRef = D552D77C15650FDF006C1A82 /* istack.c */; };
		D552D7C115651071006C1A82 /* lexer.c in Sources */ = {isa = PBXBuildFile; fileRef = D552D77D15650FDF006C1A82 /* lexer.c */; };
		D552D7C215651071006C1A82 /* localize.c in Sources */ = {isa = PBXBuildFile; fileRef = D552D77F15650FDF006C1A82 /* localize.c */; };
		D552D7C315651071006C1A82 /* mappedio.c in Sources */ = {isa = PBXBuildFile; fileRef = D552D78015650FDF006C1A82 /* mappedio.c */; };
		D552D7C415651071006C1A82 /* parser.c in Sources */ = {isa = PBXBuildFile; fileRef = D552D78315650FDF006C1A82 /* parser.c */; };
		D552D7C515651071006C1A82 /* pprint.c in Sources */ = {isa = PBXBuildFile; fileRef = D552D78515650FDF006C1A82 /* pprint.c */; };
		D552D7C615651071006C1A82 /* streamio.c in Sources */ = {isa = PBXBuildFile; fileRef = D552D78715650FDF006C1A82 /* streamio.c */; };
		D552D7C715651071006C1A82 /* tagask.c in Sources */ = {isa = PBXBuildFile; fileRef = D552D78915650FDF006C1A82 /* tagask.c */; };
		D552D7C815651071006C1A82 /* tags.c in Sources */ = {isa = PBXBuildFile; fileRef = D552D78A15650FDF006C1A82 /* tags.c */; };
		D552D7C915651071006C1A82 /* tidylib.c in Sources */ = {isa = PBXBuildFile; fileRef = D552D78D15650FDF006C1A82 /* tidylib.c */; };
		D552D7CA15651071006C1A82 /* tmbstr.c in Sources */ = {isa = PBXBuildFile; fileRef = D552D78E15650FDF006C1A82 /* tmbstr.c */; };
		D552D7CB15651071006C1A82 /* utf8.c in Sources */ = {isa = PBXBuildFile; fileRef = D552D79015650FDF006C1A82 /* utf8.c */; };
		D56308221503ACE000F3187F /* CXDocument.m in Sources */ = {isa = PBXBuildFile; fileRef = D56308211503ACE000F3187F /* CXDocument.m */; };
		D56308421503B56700F3187F /* SenTestingKit.framework in Frameworks */ = {isa = PBXBuildFile; fileRef = D563082B1503B54100F3187F /* SenTestingKit.framework */; };
		D56308431503B56700F3187F /* UIKit.framework in Frameworks */ = {isa = PBXBuildFile; fileRef = D5ED17DD15013C1400D78E99 /* UIKit.framework */; };
		D56308441503B56700F3187F /* Foundation.framework in Frameworks */ = {isa = PBXBuildFile; fileRef = D5ED17DF15013C1400D78E99 /* Foundation.framework */; };
		D563084A1503B56700F3187F /* InfoPlist.strings in Resources */ = {isa = PBXBuildFile; fileRef = D56308481503B56700F3187F /* InfoPlist.strings */; };
		D56308541503B58100F3187F /* MailDocumentTests.m in Sources */ = {isa = PBXBuildFile; fileRef = D56308531503B58100F3187F /* MailDocumentTests.m */; };
		D56308551503B86500F3187F /* CXDocument.m in Sources */ = {isa = PBXBuildFile; fileRef = D56308211503ACE000F3187F /* CXDocument.m */; };
		D56308561503B87300F3187F /* maildir in Resources */ = {isa = PBXBuildFile; fileRef = D56308231503B52100F3187F /* maildir */; };
		D57F8568150ACFB5004A1C81 /* libz.dylib in Frameworks */ = {isa = PBXBuildFile; fileRef = D57F8567150ACFB5004A1C81 /* libz.dylib */; };
		D57F856A150AD0AC004A1C81 /* libObjectiveZip.a in Frameworks */ = {isa = PBXBuildFile; fileRef = D54466B3150AC59800BDAE22 /* libObjectiveZip.a */; };
		D57F856B150AD0B1004A1C81 /* libz.dylib in Frameworks */ = {isa = PBXBuildFile; fileRef = D57F8567150ACFB5004A1C81 /* libz.dylib */; };
		D57F856C150AD210004A1C81 /* maildir.zip in Resources */ = {isa = PBXBuildFile; fileRef = D5446690150AC4C100BDAE22 /* maildir.zip */; };
		D5B73C5015080FE800E34F33 /* CXSqliteDocumentsIndex.m in Sources */ = {isa = PBXBuildFile; fileRef = D5B73C4F15080FE800E34F33 /* CXSqliteDocumentsIndex.m */; };
		D5B73C5115080FE800E34F33 /* CXSqliteDocumentsIndex.m in Sources */ = {isa = PBXBuildFile; fileRef = D5B73C4F15080FE800E34F33 /* CXSqliteDocumentsIndex.m */; };
		D5B73C55150814AE00E34F33 /* SqliteIndexTests.m in Sources */ = {isa = PBXBuildFile; fileRef = D5B73C54150814AE00E34F33 /* SqliteIndexTests.m */; };
		D5B73C58150816B700E34F33 /* CXRawFileIndex.m in Sources */ = {isa = PBXBuildFile; fileRef = D5B73C57150816B700E34F33 /* CXRawFileIndex.m */; };
		D5B73C59150816B700E34F33 /* CXRawFileIndex.m in Sources */ = {isa = PBXBuildFile; fileRef = D5B73C57150816B700E34F33 /* CXRawFileIndex.m */; };
		D5B73C5C1508231D00E34F33 /* RawFileIndexTests.m in Sources */ = {isa = PBXBuildFile; fileRef = D5B73C5B1508231D00E34F33 /* RawFileIndexTests.m */; };
		D5ED17DE15013C1400D78E99 /* UIKit.framework in Frameworks */ = {isa = PBXBuildFile; fileRef = D5ED17DD15013C1400D78E99 /* UIKit.framework */; };
		D5ED17E015013C1400D78E99 /* Foundation.framework in Frameworks */ = {isa = PBXBuildFile; fileRef = D5ED17DF15013C1400D78E99 /* Foundation.framework */; };
		D5ED17E215013C1400D78E99 /* CoreGraphics.framework in Frameworks */ = {isa = PBXBuildFile; fileRef = D5ED17E115013C1400D78E99 /* CoreGraphics.framework */; };
		D5ED17E815013C1400D78E99 /* InfoPlist.strings in Resources */ = {isa = PBXBuildFile; fileRef = D5ED17E615013C1400D78E99 /* InfoPlist.strings */; };
		D5ED17EA15013C1400D78E99 /* main.m in Sources */ = {isa = PBXBuildFile; fileRef = D5ED17E915013C1400D78E99 /* main.m */; };
		D5ED17EE15013C1400D78E99 /* AppDelegate.m in Sources */ = {isa = PBXBuildFile; fileRef = D5ED17ED15013C1400D78E99 /* AppDelegate.m */; };
		D5ED17F115013C1400D78E99 /* ViewController.m in Sources */ = {isa = PBXBuildFile; fileRef = D5ED17F015013C1400D78E99 /* ViewController.m */; };
		D5ED17F415013C1400D78E99 /* ViewController.xib in Resources */ = {isa = PBXBuildFile; fileRef = D5ED17F215013C1400D78E99 /* ViewController.xib */; };
		D5ED18081501671700D78E99 /* libsqlite3.dylib in Frameworks */ = {isa = PBXBuildFile; fileRef = D5ED18071501671700D78E99 /* libsqlite3.dylib */; };
/* End PBXBuildFile section */

/* Begin PBXContainerItemProxy section */
		D54466D0150AC8BB00BDAE22 /* PBXContainerItemProxy */ = {
			isa = PBXContainerItemProxy;
			containerPortal = D5ED17D015013C1300D78E99 /* Project object */;
			proxyType = 1;
			remoteGlobalIDString = D54466B2150AC59800BDAE22;
			remoteInfo = ObjectiveZip;
		};
/* End PBXContainerItemProxy section */

/* Begin PBXFileReference section */
		D50BA4FA1503C630003D88DC /* MACollectionUtilities.h */ = {isa = PBXFileReference; fileEncoding = 4; lastKnownFileType = sourcecode.c.h; name = MACollectionUtilities.h; path = MACollectionUtilities/MACollectionUtilities.h; sourceTree = "<group>"; };
		D50BA4FB1503C630003D88DC /* MACollectionUtilities.m */ = {isa = PBXFileReference; fileEncoding = 4; lastKnownFileType = sourcecode.c.objc; name = MACollectionUtilities.m; path = MACollectionUtilities/MACollectionUtilities.m; sourceTree = "<group>"; };
		D50BA4FE1503CA42003D88DC /* CXDocumentsIndex.h */ = {isa = PBXFileReference; fileEncoding = 4; lastKnownFileType = sourcecode.c.h; path = CXDocumentsIndex.h; sourceTree = "<group>"; };
		D50BA4FF1503CA42003D88DC /* CXDocumentsIndex.m */ = {isa = PBXFileReference; fileEncoding = 4; lastKnownFileType = sourcecode.c.objc; path = CXDocumentsIndex.m; sourceTree = "<group>"; };
		D50BA5021503CA70003D88DC /* DocumentsIndexTests.h */ = {isa = PBXFileReference; fileEncoding = 4; lastKnownFileType = sourcecode.c.h; path = DocumentsIndexTests.h; sourceTree = "<group>"; };
		D50BA5031503CA70003D88DC /* DocumentsIndexTests.m */ = {isa = PBXFileReference; fileEncoding = 4; lastKnownFileType = sourcecode.c.objc; path = DocumentsIndexTests.m; sourceTree = "<group>"; };
		D50BA50A15042633003D88DC /* DocumentViewController.h */ = {isa = PBXFileReference; fileEncoding = 4; lastKnownFileType = sourcecode.c.h; name = DocumentViewController.h; path = iGrep/DocumentViewController.h; sourceTree = "<group>"; };
		D50BA50B15042633003D88DC /* DocumentViewController.m */ = {isa = PBXFileReference; fileEncoding = 4; lastKnownFileType = sourcecode.c.objc; name = DocumentViewController.m; path = iGrep/DocumentViewController.m; sourceTree = "<group>"; };
		D50BA50C15042634003D88DC /* DocumentViewController.xib */ = {isa = PBXFileReference; fileEncoding = 4; lastKnownFileType = file.xib; name = DocumentViewController.xib; path = iGrep/DocumentViewController.xib; sourceTree = "<group>"; };
		D53DB58C151D1A76003061B1 /* CXMailDocument.h */ = {isa = PBXFileReference; fileEncoding = 4; lastKnownFileType = sourcecode.c.h; path = CXMailDocument.h; sourceTree = "<group>"; };
		D53DB58D151D1A76003061B1 /* CXMailDocument.m */ = {isa = PBXFileReference; fileEncoding = 4; lastKnownFileType = sourcecode.c.objc; path = CXMailDocument.m; sourceTree = "<group>"; };
		D53DB590151D29B7003061B1 /* HtmlDocumentTests.h */ = {isa = PBXFileReference; fileEncoding = 4; lastKnownFileType = sourcecode.c.h; path = HtmlDocumentTests.h; sourceTree = "<group>"; };
		D53DB591151D29B7003061B1 /* HtmlDocumentTests.m */ = {isa = PBXFileReference; fileEncoding = 4; lastKnownFileType = sourcecode.c.objc; path = HtmlDocumentTests.m; sourceTree = "<group>"; };
		D53DB593151D2AA9003061B1 /* CXHtmlDocument.h */ = {isa = PBXFileReference; fileEncoding = 4; lastKnownFileType = sourcecode.c.h; path = CXHtmlDocument.h; sourceTree = "<group>"; };
		D53DB594151D2AAA003061B1 /* CXHtmlDocument.m */ = {isa = PBXFileReference; fileEncoding = 4; lastKnownFileType = sourcecode.c.objc; path = CXHtmlDocument.m; sourceTree = "<group>"; };
		D53DB597151D2C28003061B1 /* tfidf.html */ = {isa = PBXFileReference; fileEncoding = 4; lastKnownFileType = text.html; path = tfidf.html; sourceTree = SOURCE_ROOT; };
		D5446690150AC4C100BDAE22 /* maildir.zip */ = {isa = PBXFileReference; lastKnownFileType = archive.zip; path = maildir.zip; sourceTree = SOURCE_ROOT; };
		D5446693150AC4F500BDAE22 /* FileInZipInfo.h */ = {isa = PBXFileReference; fileEncoding = 4; lastKnownFileType = sourcecode.c.h; name = FileInZipInfo.h; path = "objective-zip/Objective-Zip/FileInZipInfo.h"; sourceTree = "<group>"; };
		D5446694150AC4F500BDAE22 /* FileInZipInfo.m */ = {isa = PBXFileReference; fileEncoding = 4; lastKnownFileType = sourcecode.c.objc; name = FileInZipInfo.m; path = "objective-zip/Objective-Zip/FileInZipInfo.m"; sourceTree = "<group>"; };
		D5446695150AC4F500BDAE22 /* ZipException.h */ = {isa = PBXFileReference; fileEncoding = 4; lastKnownFileType = sourcecode.c.h; name = ZipException.h; path = "objective-zip/Objective-Zip/ZipException.h"; sourceTree = "<group>"; };
		D5446696150AC4F500BDAE22 /* ZipException.m */ = {isa = PBXFileReference; fileEncoding = 4; lastKnownFileType = sourcecode.c.objc; name = ZipException.m; path = "objective-zip/Objective-Zip/ZipException.m"; sourceTree = "<group>"; };
		D5446697150AC4F500BDAE22 /* ZipFile.h */ = {isa = PBXFileReference; fileEncoding = 4; lastKnownFileType = sourcecode.c.h; name = ZipFile.h; path = "objective-zip/Objective-Zip/ZipFile.h"; sourceTree = "<group>"; };
		D5446698150AC4F500BDAE22 /* ZipFile.m */ = {isa = PBXFileReference; fileEncoding = 4; lastKnownFileType = sourcecode.c.objc; name = ZipFile.m; path = "objective-zip/Objective-Zip/ZipFile.m"; sourceTree = "<group>"; };
		D5446699150AC4F500BDAE22 /* ZipReadStream.h */ = {isa = PBXFileReference; fileEncoding = 4; lastKnownFileType = sourcecode.c.h; name = ZipReadStream.h; path = "objective-zip/Objective-Zip/ZipReadStream.h"; sourceTree = "<group>"; };
		D544669A150AC4F500BDAE22 /* ZipReadStream.m */ = {isa = PBXFileReference; fileEncoding = 4; lastKnownFileType = sourcecode.c.objc; name = ZipReadStream.m; path = "objective-zip/Objective-Zip/ZipReadStream.m"; sourceTree = "<group>"; };
		D544669B150AC4F500BDAE22 /* ZipWriteStream.h */ = {isa = PBXFileReference; fileEncoding = 4; lastKnownFileType = sourcecode.c.h; name = ZipWriteStream.h; path = "objective-zip/Objective-Zip/ZipWriteStream.h"; sourceTree = "<group>"; };
		D544669C150AC4F500BDAE22 /* ZipWriteStream.m */ = {isa = PBXFileReference; fileEncoding = 4; lastKnownFileType = sourcecode.c.objc; name = ZipWriteStream.m; path = "objective-zip/Objective-Zip/ZipWriteStream.m"; sourceTree = "<group>"; };
		D54466A3150AC51400BDAE22 /* ioapi.c */ = {isa = PBXFileReference; fileEncoding = 4; lastKnownFileType = sourcecode.c.c; name = ioapi.c; path = "objective-zip/MiniZip/ioapi.c"; sourceTree = "<group>"; };
		D54466A4150AC51400BDAE22 /* ioapi.h */ = {isa = PBXFileReference; fileEncoding = 4; lastKnownFileType = sourcecode.c.h; name = ioapi.h; path = "objective-zip/MiniZip/ioapi.h"; sourceTree = "<group>"; };
		D54466A5150AC51400BDAE22 /* mztools.c */ = {isa = PBXFileReference; fileEncoding = 4; lastKnownFileType = sourcecode.c.c; name = mztools.c; path = "objective-zip/MiniZip/mztools.c"; sourceTree = "<group>"; };
		D54466A6150AC51400BDAE22 /* mztools.h */ = {isa = PBXFileReference; fileEncoding = 4; lastKnownFileType = sourcecode.c.h; name = mztools.h; path = "objective-zip/MiniZip/mztools.h"; sourceTree = "<group>"; };
		D54466A7150AC51400BDAE22 /* unzip.c */ = {isa = PBXFileReference; fileEncoding = 4; lastKnownFileType = sourcecode.c.c; name = unzip.c; path = "objective-zip/MiniZip/unzip.c"; sourceTree = "<group>"; };
		D54466A8150AC51400BDAE22 /* unzip.h */ = {isa = PBXFileReference; fileEncoding = 4; lastKnownFileType = sourcecode.c.h; name = unzip.h; path = "objective-zip/MiniZip/unzip.h"; sourceTree = "<group>"; };
		D54466A9150AC51400BDAE22 /* zip.c */ = {isa = PBXFileReference; fileEncoding = 4; lastKnownFileType = sourcecode.c.c; name = zip.c; path = "objective-zip/MiniZip/zip.c"; sourceTree = "<group>"; };
		D54466AA150AC51400BDAE22 /* zip.h */ = {isa = PBXFileReference; fileEncoding = 4; lastKnownFileType = sourcecode.c.h; name = zip.h; path = "objective-zip/MiniZip/zip.h"; sourceTree = "<group>"; };
		D54466B3150AC59800BDAE22 /* libObjectiveZip.a */ = {isa = PBXFileReference; explicitFileType = archive.ar; includeInIndex = 0; path = libObjectiveZip.a; sourceTree = BUILT_PRODUCTS_DIR; };
		D552D76515650FDF006C1A82 /* access.c */ = {isa = PBXFileReference; fileEncoding = 4; lastKnownFileType = sourcecode.c.c; name = access.c; path = libtidy/src/access.c; sourceTree = "<group>"; };
		D552D76615650FDF006C1A82 /* access.h */ = {isa = PBXFileReference; fileEncoding = 4; lastKnownFileType = sourcecode.c.h; name = access.h; path = libtidy/src/access.h; sourceTree = "<group>"; };
		D552D76715650FDF006C1A82 /* alloc.c */ = {isa = PBXFileReference; fileEncoding = 4; lastKnownFileType = sourcecode.c.c; name = alloc.c; path = libtidy/src/alloc.c; sourceTree = "<group>"; };
		D552D76815650FDF006C1A82 /* attrask.c */ = {isa = PBXFileReference; fileEncoding = 4; lastKnownFileType = sourcecode.c.c; name = attrask.c; path = libtidy/src/attrask.c; sourceTree = "<group>"; };
		D552D76915650FDF006C1A82 /* attrdict.c */ = {isa = PBXFileReference; fileEncoding = 4; lastKnownFileType = sourcecode.c.c; name = attrdict.c; path = libtidy/src/attrdict.c; sourceTree = "<group>"; };
		D552D76A15650FDF006C1A82 /* attrdict.h */ = {isa = PBXFileReference; fileEncoding = 4; lastKnownFileType = sourcecode.c.h; name = attrdict.h; path = libtidy/src/attrdict.h; sourceTree = "<group>"; };
		D552D76B15650FDF006C1A82 /* attrget.c */ = {isa = PBXFileReference; fileEncoding = 4; lastKnownFileType = sourcecode.c.c; name = attrget.c; path = libtidy/src/attrget.c; sourceTree = "<group>"; };
		D552D76C15650FDF006C1A82 /* attrs.c */ = {isa = PBXFileReference; fileEncoding = 4; lastKnownFileType = sourcecode.c.c; name = attrs.c; path = libtidy/src/attrs.c; sourceTree = "<group>"; };
		D552D76D15650FDF006C1A82 /* attrs.h */ = {isa = PBXFileReference; fileEncoding = 4; lastKnownFileType = sourcecode.c.h; name = attrs.h; path = libtidy/src/attrs.h; sourceTree = "<group>"; };
		D552D76E15650FDF006C1A82 /* buffio.c */ = {isa = PBXFileReference; fileEncoding = 4; lastKnownFileType = sourcecode.c.c; name = buffio.c; path = libtidy/src/buffio.c; sourceTree = "<group>"; };
		D552D76F15650FDF006C1A82 /* charsets.c */ = {isa = PBXFileReference; fileEncoding = 4; lastKnownFileType = sourcecode.c.c; name = charsets.c; path = libtidy/src/charsets.c; sourceTree = "<group>"; };
		D552D77015650FDF006C1A82 /* charsets.h */ = {isa = PBXFileReference; fileEncoding = 4; lastKnownFileType = sourcecode.c.h; name = charsets.h; path = libtidy/src/charsets.h; sourceTree = "<group>"; };
		D552D77115650FDF006C1A82 /* clean.c */ = {isa = PBXFileReference; fileEncoding = 4; lastKnownFileType = sourcecode.c.c; name = clean.c; path = libtidy/src/clean.c; sourceTree = "<group>"; };
		D552D77215650FDF006C1A82 /* clean.h */ = {isa = PBXFileReference; fileEncoding = 4; lastKnownFileType = sourcecode.c.h; name = clean.h; path = libtidy/src/clean.h; sourceTree = "<group>"; };
		D552D77315650FDF006C1A82 /* config.c */ = {isa = PBXFileReference; fileEncoding = 4; lastKnownFileType = sourcecode.c.c; name = config.c; path = libtidy/src/config.c; sourceTree = "<group>"; };
		D552D77415650FDF006C1A82 /* config.h */ = {isa = PBXFileReference; fileEncoding = 4; lastKnownFileType = sourcecode.c.h; name = config.h; path = libtidy/src/config.h; sourceTree = "<group>"; };
		D552D77515650FDF006C1A82 /* entities.c */ = {isa = PBXFileReference; fileEncoding = 4; lastKnownFileType = sourcecode.c.c; name = entities.c; path = libtidy/src/entities.c; sourceTree = "<group>"; };
		D552D77615650FDF006C1A82 /* entities.h */ = {isa = PBXFileReference; fileEncoding = 4; lastKnownFileType = sourcecode.c.h; name = entities.h; path = libtidy/src/entities.h; sourceTree = "<group>"; };
		D552D77715650FDF006C1A82 /* fileio.c */ = {isa = PBXFileReference; fileEncoding = 4; lastKnownFileType = sourcecode.c.c; name = fileio.c; path = libtidy/src/fileio.c; sourceTree = "<group>"; };
		D552D77815650FDF006C1A82 /* fileio.h */ = {isa = PBXFileReference; fileEncoding = 4; lastKnownFileType = sourcecode.c.h; name = fileio.h; path = libtidy/src/fileio.h; sourceTree = "<group>"; };
		D552D77915650FDF006C1A82 /* forward.h */ = {isa = PBXFileReference; fileEncoding = 4; lastKnownFileType = sourcecode.c.h; name = forward.h; path = libtidy/src/forward.h; sourceTree = "<group>"; };
		D552D77A15650FDF006C1A82 /* iconvtc.c */ = {isa = PBXFileReference; fileEncoding = 4; lastKnownFileType = sourcecode.c.c; name = iconvtc.c; path = libtidy/src/iconvtc.c; sourceTree = "<group>"; };
		D552D77B15650FDF006C1A82 /* iconvtc.h */ = {isa = PBXFileReference; fileEncoding = 4; lastKnownFileType = sourcecode.c.h; name = iconvtc.h; path = libtidy/src/iconvtc.h; sourceTree = "<group>"; };
		D552D77C15650FDF006C1A82 /* istack.c */ = {isa = PBXFileReference; fileEncoding = 4; lastKnownFileType = sourcecode.c.c; name = istack.c; path = libtidy/src/istack.c; sourceTree = "<group>"; };
		D552D77D15650FDF006C1A82 /* lexer.c */ = {isa = PBXFileReference; fileEncoding = 4; lastKnownFileType = sourcecode.c.c; name = lexer.c; path = libtidy/src/lexer.c; sourceTree = "<group>"; };
		D552D77E15650FDF006C1A82 /* lexer.h */ = {isa = PBXFileReference; fileEncoding = 4; lastKnownFileType = sourcecode.c.h; name = lexer.h; path = libtidy/src/lexer.h; sourceTree = "<group>"; };
		D552D77F15650FDF006C1A82 /* localize.c */ = {isa = PBXFileReference; fileEncoding = 4; lastKnownFileType = sourcecode.c.c; name = localize.c; path = libtidy/src/localize.c; sourceTree = "<group>"; };
		D552D78015650FDF006C1A82 /* mappedio.c */ = {isa = PBXFileReference; fileEncoding = 4; lastKnownFileType = sourcecode.c.c; name = mappedio.c; path = libtidy/src/mappedio.c; sourceTree = "<group>"; };
		D552D78115650FDF006C1A82 /* mappedio.h */ = {isa = PBXFileReference; fileEncoding = 4; lastKnownFileType = sourcecode.c.h; name = mappedio.h; path = libtidy/src/mappedio.h; sourceTree = "<group>"; };
		D552D78215650FDF006C1A82 /* message.h */ = {isa = PBXFileReference; fileEncoding = 4; lastKnownFileType = sourcecode.c.h; name = message.h; path = libtidy/src/message.h; sourceTree = "<group>"; };
		D552D78315650FDF006C1A82 /* parser.c */ = {isa = PBXFileReference; fileEncoding = 4; lastKnownFileType = sourcecode.c.c; name = parser.c; path = libtidy/src/parser.c; sourceTree = "<group>"; };
		D552D78415650FDF006C1A82 /* parser.h */ = {isa = PBXFileReference; fileEncoding = 4; lastKnownFileType = sourcecode.c.h; name = parser.h; path = libtidy/src/parser.h; sourceTree = "<group>"; };
		D552D78515650FDF006C1A82 /* pprint.c */ = {isa = PBXFileReference; fileEncoding = 4; lastKnownFileType = sourcecode.c.c; name = pprint.c; path = libtidy/src/pprint.c; sourceTree = "<group>"; };
		D552D78615650FDF006C1A82 /* pprint.h */ = {isa = PBXFileReference; fileEncoding = 4; lastKnownFileType = sourcecode.c.h; name = pprint.h; path = libtidy/src/pprint.h; sourceTree = "<group>"; };
		D552D78715650FDF006C1A82 /* streamio.c */ = {isa = PBXFileReference; fileEncoding = 4; lastKnownFileType = sourcecode.c.c; name = streamio.c; path = libtidy/src/streamio.c; sourceTree = "<group>"; };
		D552D78815650FDF006C1A82 /* streamio.h */ = {isa = PBXFileReference; fileEncoding = 4; lastKnownFileType = sourcecode.c.h; name = streamio.h; path = libtidy/src/streamio.h; sourceTree = "<group>"; };
		D552D78915650FDF006C1A82 /* tagask.c */ = {isa = PBXFileReference; fileEncoding = 4; lastKnownFileType = sourcecode.c.c; name = tagask.c; path = libtidy/src/tagask.c; sourceTree = "<group>"; };
		D552D78A15650FDF006C1A82 /* tags.c */ = {isa = PBXFileReference; fileEncoding = 4; lastKnownFileType = sourcecode.c.c; name = tags.c; path = libtidy/src/tags.c; sourceTree = "<group>"; };
		D552D78B15650FDF006C1A82 /* tags.h */ = {isa = PBXFileReference; fileEncoding = 4; lastKnownFileType = sourcecode.c.h; name = tags.h; path = libtidy/src/tags.h; sourceTree = "<group>"; };
		D552D78C15650FDF006C1A82 /* tidy-int.h */ = {isa = PBXFileReference; fileEncoding = 4; lastKnownFileType = sourcecode.c.h; name = "tidy-int.h"; path = "libtidy/src/tidy-int.h"; sourceTree = "<group>"; };
		D552D78D15650FDF006C1A82 /* tidylib.c */ = {isa = PBXFileReference; fileEncoding = 4; lastKnownFileType = sourcecode.c.c; name = tidylib.c; path = libtidy/src/tidylib.c; sourceTree = "<group>"; };
		D552D78E15650FDF006C1A82 /* tmbstr.c */ = {isa = PBXFileReference; fileEncoding = 4; lastKnownFileType = sourcecode.c.c; name = tmbstr.c; path = libtidy/src/tmbstr.c; sourceTree = "<group>"; };
		D552D78F15650FDF006C1A82 /* tmbstr.h */ = {isa = PBXFileReference; fileEncoding = 4; lastKnownFileType = sourcecode.c.h; name = tmbstr.h; path = libtidy/src/tmbstr.h; sourceTree = "<group>"; };
		D552D79015650FDF006C1A82 /* utf8.c */ = {isa = PBXFileReference; fileEncoding = 4; lastKnownFileType = sourcecode.c.c; name = utf8.c; path = libtidy/src/utf8.c; sourceTree = "<group>"; };
		D552D79115650FDF006C1A82 /* utf8.h */ = {isa = PBXFileReference; fileEncoding = 4; lastKnownFileType = sourcecode.c.h; name = utf8.h; path = libtidy/src/utf8.h; sourceTree = "<group>"; };
		D552D79215650FDF006C1A82 /* version.h */ = {isa = PBXFileReference; fileEncoding = 4; lastKnownFileType = sourcecode.c.h; name = version.h; path = libtidy/src/version.h; sourceTree = "<group>"; };
		D552D7AF15650FFD006C1A82 /* buffio.h */ = {isa = PBXFileReference; fileEncoding = 4; lastKnownFileType = sourcecode.c.h; name = buffio.h; path = libtidy/include/buffio.h; sourceTree = "<group>"; };
		D552D7B015650FFD006C1A82 /* platform.h */ = {isa = PBXFileReference; fileEncoding = 4; lastKnownFileType = sourcecode.c.h; name = platform.h; path = libtidy/include/platform.h; sourceTree = "<group>"; };
		D552D7B115650FFD006C1A82 /* tidy.h */ = {isa = PBXFileReference; fileEncoding = 4; lastKnownFileType = sourcecode.c.h; name = tidy.h; path = libtidy/include/tidy.h; sourceTree = "<group>"; };
		D552D7B215650FFD006C1A82 /* tidyenum.h */ = {isa = PBXFileReference; fileEncoding = 4; lastKnownFileType = sourcecode.c.h; name = tidyenum.h; path = libtidy/include/tidyenum.h; sourceTree = "<group>"; };
		D56308201503ACE000F3187F /* CXDocument.h */ = {isa = PBXFileReference; fileEncoding = 4; lastKnownFileType = sourcecode.c.h; path = CXDocument.h; sourceTree = "<group>"; };
		D56308211503ACE000F3187F /* CXDocument.m */ = {isa = PBXFileReference; fileEncoding = 4; lastKnownFileType = sourcecode.c.objc; path = CXDocument.m; sourceTree = "<group>"; };
		D56308231503B52100F3187F /* maildir */ = {isa = PBXFileReference; lastKnownFileType = folder; path = maildir; sourceTree = SOURCE_ROOT; };
		D563082B1503B54100F3187F /* SenTestingKit.framework */ = {isa = PBXFileReference; lastKnownFileType = wrapper.framework; name = SenTestingKit.framework; path = Library/Frameworks/SenTestingKit.framework; sourceTree = DEVELOPER_DIR; };
		D56308411503B56700F3187F /* iGrepTests.octest */ = {isa = PBXFileReference; explicitFileType = wrapper.cfbundle; includeInIndex = 0; path = iGrepTests.octest; sourceTree = BUILT_PRODUCTS_DIR; };
		D56308471503B56700F3187F /* iGrepTests-Info.plist */ = {isa = PBXFileReference; lastKnownFileType = text.plist.xml; path = "iGrepTests-Info.plist"; sourceTree = "<group>"; };
		D56308491503B56700F3187F /* en */ = {isa = PBXFileReference; lastKnownFileType = text.plist.strings; name = en; path = en.lproj/InfoPlist.strings; sourceTree = "<group>"; };
		D563084E1503B56700F3187F /* iGrepTests-Prefix.pch */ = {isa = PBXFileReference; lastKnownFileType = sourcecode.c.h; path = "iGrepTests-Prefix.pch"; sourceTree = "<group>"; };
		D56308521503B58100F3187F /* MailDocumentTests.h */ = {isa = PBXFileReference; fileEncoding = 4; lastKnownFileType = sourcecode.c.h; path = MailDocumentTests.h; sourceTree = "<group>"; };
		D56308531503B58100F3187F /* MailDocumentTests.m */ = {isa = PBXFileReference; fileEncoding = 4; lastKnownFileType = sourcecode.c.objc; path = MailDocumentTests.m; sourceTree = "<group>"; };
		D57F8567150ACFB5004A1C81 /* libz.dylib */ = {isa = PBXFileReference; lastKnownFileType = "compiled.mach-o.dylib"; name = libz.dylib; path = usr/lib/libz.dylib; sourceTree = SDKROOT; };
		D5B73C4E15080FE800E34F33 /* CXSqliteDocumentsIndex.h */ = {isa = PBXFileReference; fileEncoding = 4; lastKnownFileType = sourcecode.c.h; path = CXSqliteDocumentsIndex.h; sourceTree = "<group>"; };
		D5B73C4F15080FE800E34F33 /* CXSqliteDocumentsIndex.m */ = {isa = PBXFileReference; fileEncoding = 4; lastKnownFileType = sourcecode.c.objc; path = CXSqliteDocumentsIndex.m; sourceTree = "<group>"; };
		D5B73C53150814AE00E34F33 /* SqliteIndexTests.h */ = {isa = PBXFileReference; fileEncoding = 4; lastKnownFileType = sourcecode.c.h; path = SqliteIndexTests.h; sourceTree = "<group>"; };
		D5B73C54150814AE00E34F33 /* SqliteIndexTests.m */ = {isa = PBXFileReference; fileEncoding = 4; lastKnownFileType = sourcecode.c.objc; path = SqliteIndexTests.m; sourceTree = "<group>"; };
		D5B73C56150816B700E34F33 /* CXRawFileIndex.h */ = {isa = PBXFileReference; fileEncoding = 4; lastKnownFileType = sourcecode.c.h; path = CXRawFileIndex.h; sourceTree = "<group>"; };
		D5B73C57150816B700E34F33 /* CXRawFileIndex.m */ = {isa = PBXFileReference; fileEncoding = 4; lastKnownFileType = sourcecode.c.objc; path = CXRawFileIndex.m; sourceTree = "<group>"; };
		D5B73C5A1508231D00E34F33 /* RawFileIndexTests.h */ = {isa = PBXFileReference; fileEncoding = 4; lastKnownFileType = sourcecode.c.h; path = RawFileIndexTests.h; sourceTree = "<group>"; };
		D5B73C5B1508231D00E34F33 /* RawFileIndexTests.m */ = {isa = PBXFileReference; fileEncoding = 4; lastKnownFileType = sourcecode.c.objc; path = RawFileIndexTests.m; sourceTree = "<group>"; };
		D5ED17D915013C1400D78E99 /* iGrep.app */ = {isa = PBXFileReference; explicitFileType = wrapper.application; includeInIndex = 0; path = iGrep.app; sourceTree = BUILT_PRODUCTS_DIR; };
		D5ED17DD15013C1400D78E99 /* UIKit.framework */ = {isa = PBXFileReference; lastKnownFileType = wrapper.framework; name = UIKit.framework; path = System/Library/Frameworks/UIKit.framework; sourceTree = SDKROOT; };
		D5ED17DF15013C1400D78E99 /* Foundation.framework */ = {isa = PBXFileReference; lastKnownFileType = wrapper.framework; name = Foundation.framework; path = System/Library/Frameworks/Foundation.framework; sourceTree = SDKROOT; };
		D5ED17E115013C1400D78E99 /* CoreGraphics.framework */ = {isa = PBXFileReference; lastKnownFileType = wrapper.framework; name = CoreGraphics.framework; path = System/Library/Frameworks/CoreGraphics.framework; sourceTree = SDKROOT; };
		D5ED17E515013C1400D78E99 /* iGrep-Info.plist */ = {isa = PBXFileReference; lastKnownFileType = text.plist.xml; path = "iGrep-Info.plist"; sourceTree = "<group>"; };
		D5ED17E715013C1400D78E99 /* en */ = {isa = PBXFileReference; lastKnownFileType = text.plist.strings; name = en; path = en.lproj/InfoPlist.strings; sourceTree = "<group>"; };
		D5ED17E915013C1400D78E99 /* main.m */ = {isa = PBXFileReference; lastKnownFileType = sourcecode.c.objc; path = main.m; sourceTree = "<group>"; };
		D5ED17EB15013C1400D78E99 /* iGrep-Prefix.pch */ = {isa = PBXFileReference; lastKnownFileType = sourcecode.c.h; path = "iGrep-Prefix.pch"; sourceTree = "<group>"; };
		D5ED17EC15013C1400D78E99 /* AppDelegate.h */ = {isa = PBXFileReference; lastKnownFileType = sourcecode.c.h; name = AppDelegate.h; path = iGrep/AppDelegate.h; sourceTree = "<group>"; };
		D5ED17ED15013C1400D78E99 /* AppDelegate.m */ = {isa = PBXFileReference; lastKnownFileType = sourcecode.c.objc; name = AppDelegate.m; path = iGrep/AppDelegate.m; sourceTree = "<group>"; };
		D5ED17EF15013C1400D78E99 /* ViewController.h */ = {isa = PBXFileReference; lastKnownFileType = sourcecode.c.h; name = ViewController.h; path = iGrep/ViewController.h; sourceTree = "<group>"; };
		D5ED17F015013C1400D78E99 /* ViewController.m */ = {isa = PBXFileReference; lastKnownFileType = sourcecode.c.objc; name = ViewController.m; path = iGrep/ViewController.m; sourceTree = "<group>"; };
		D5ED17F315013C1400D78E99 /* en */ = {isa = PBXFileReference; lastKnownFileType = file.xib; name = en; path = en.lproj/ViewController.xib; sourceTree = "<group>"; };
		D5ED18071501671700D78E99 /* libsqlite3.dylib */ = {isa = PBXFileReference; lastKnownFileType = "compiled.mach-o.dylib"; name = libsqlite3.dylib; path = usr/lib/libsqlite3.dylib; sourceTree = SDKROOT; };
/* End PBXFileReference section */

/* Begin PBXFrameworksBuildPhase section */
		D54466B0150AC59800BDAE22 /* Frameworks */ = {
			isa = PBXFrameworksBuildPhase;
			buildActionMask = 2147483647;
			files = (
				D54466B4150AC59800BDAE22 /* Foundation.framework in Frameworks */,
			);
			runOnlyForDeploymentPostprocessing = 0;
		};
		D563083D1503B56700F3187F /* Frameworks */ = {
			isa = PBXFrameworksBuildPhase;
			buildActionMask = 2147483647;
			files = (
				D57F856B150AD0B1004A1C81 /* libz.dylib in Frameworks */,
				D57F856A150AD0AC004A1C81 /* libObjectiveZip.a in Frameworks */,
				D50BA5051503CB48003D88DC /* libsqlite3.dylib in Frameworks */,
				D56308421503B56700F3187F /* SenTestingKit.framework in Frameworks */,
				D56308431503B56700F3187F /* UIKit.framework in Frameworks */,
				D56308441503B56700F3187F /* Foundation.framework in Frameworks */,
			);
			runOnlyForDeploymentPostprocessing = 0;
		};
		D5ED17D615013C1400D78E99 /* Frameworks */ = {
			isa = PBXFrameworksBuildPhase;
			buildActionMask = 2147483647;
			files = (
				D57F8568150ACFB5004A1C81 /* libz.dylib in Frameworks */,
				D54466D2150AC8C800BDAE22 /* libObjectiveZip.a in Frameworks */,
				D5ED18081501671700D78E99 /* libsqlite3.dylib in Frameworks */,
				D5ED17DE15013C1400D78E99 /* UIKit.framework in Frameworks */,
				D5ED17E015013C1400D78E99 /* Foundation.framework in Frameworks */,
				D5ED17E215013C1400D78E99 /* CoreGraphics.framework in Frameworks */,
			);
			runOnlyForDeploymentPostprocessing = 0;
		};
/* End PBXFrameworksBuildPhase section */

/* Begin PBXGroup section */
		D50BA4F81503C5F7003D88DC /* MACollectionUtilities */ = {
			isa = PBXGroup;
			children = (
				D50BA4FA1503C630003D88DC /* MACollectionUtilities.h */,
				D50BA4FB1503C630003D88DC /* MACollectionUtilities.m */,
			);
			name = MACollectionUtilities;
			sourceTree = "<group>";
		};
		D53DB58A151D0C7B003061B1 /* Demo */ = {
			isa = PBXGroup;
			children = (
				D5ED17EC15013C1400D78E99 /* AppDelegate.h */,
				D5ED17ED15013C1400D78E99 /* AppDelegate.m */,
				D5ED17EF15013C1400D78E99 /* ViewController.h */,
				D5ED17F015013C1400D78E99 /* ViewController.m */,
				D5ED17F215013C1400D78E99 /* ViewController.xib */,
				D50BA50A15042633003D88DC /* DocumentViewController.h */,
				D50BA50B15042633003D88DC /* DocumentViewController.m */,
				D50BA50C15042634003D88DC /* DocumentViewController.xib */,
				D5ED17E415013C1400D78E99 /* Supporting Files */,
			);
			name = Demo;
			sourceTree = "<group>";
		};
		D53DB58B151D0C81003061B1 /* Third-Party */ = {
			isa = PBXGroup;
			children = (
				D552D76315650FB4006C1A82 /* Tidy */,
				D54466A2150AC50600BDAE22 /* MiniZip */,
				D5446692150AC4CC00BDAE22 /* Objective-Zip */,
				D50BA4F81503C5F7003D88DC /* MACollectionUtilities */,
			);
			name = "Third-Party";
			sourceTree = "<group>";
		};
		D5446692150AC4CC00BDAE22 /* Objective-Zip */ = {
			isa = PBXGroup;
			children = (
				D5446693150AC4F500BDAE22 /* FileInZipInfo.h */,
				D5446694150AC4F500BDAE22 /* FileInZipInfo.m */,
				D5446695150AC4F500BDAE22 /* ZipException.h */,
				D5446696150AC4F500BDAE22 /* ZipException.m */,
				D5446697150AC4F500BDAE22 /* ZipFile.h */,
				D5446698150AC4F500BDAE22 /* ZipFile.m */,
				D5446699150AC4F500BDAE22 /* ZipReadStream.h */,
				D544669A150AC4F500BDAE22 /* ZipReadStream.m */,
				D544669B150AC4F500BDAE22 /* ZipWriteStream.h */,
				D544669C150AC4F500BDAE22 /* ZipWriteStream.m */,
			);
			name = "Objective-Zip";
			sourceTree = "<group>";
		};
		D54466A2150AC50600BDAE22 /* MiniZip */ = {
			isa = PBXGroup;
			children = (
				D54466A3150AC51400BDAE22 /* ioapi.c */,
				D54466A4150AC51400BDAE22 /* ioapi.h */,
				D54466A5150AC51400BDAE22 /* mztools.c */,
				D54466A6150AC51400BDAE22 /* mztools.h */,
				D54466A7150AC51400BDAE22 /* unzip.c */,
				D54466A8150AC51400BDAE22 /* unzip.h */,
				D54466A9150AC51400BDAE22 /* zip.c */,
				D54466AA150AC51400BDAE22 /* zip.h */,
			);
			name = MiniZip;
			sourceTree = "<group>";
		};
		D552D76315650FB4006C1A82 /* Tidy */ = {
			isa = PBXGroup;
			children = (
				D552D7AF15650FFD006C1A82 /* buffio.h */,
				D552D7B015650FFD006C1A82 /* platform.h */,
				D552D7B115650FFD006C1A82 /* tidy.h */,
				D552D7B215650FFD006C1A82 /* tidyenum.h */,
				D552D76515650FDF006C1A82 /* access.c */,
				D552D76615650FDF006C1A82 /* access.h */,
				D552D76715650FDF006C1A82 /* alloc.c */,
				D552D76815650FDF006C1A82 /* attrask.c */,
				D552D76915650FDF006C1A82 /* attrdict.c */,
				D552D76A15650FDF006C1A82 /* attrdict.h */,
				D552D76B15650FDF006C1A82 /* attrget.c */,
				D552D76C15650FDF006C1A82 /* attrs.c */,
				D552D76D15650FDF006C1A82 /* attrs.h */,
				D552D76E15650FDF006C1A82 /* buffio.c */,
				D552D76F15650FDF006C1A82 /* charsets.c */,
				D552D77015650FDF006C1A82 /* charsets.h */,
				D552D77115650FDF006C1A82 /* clean.c */,
				D552D77215650FDF006C1A82 /* clean.h */,
				D552D77315650FDF006C1A82 /* config.c */,
				D552D77415650FDF006C1A82 /* config.h */,
				D552D77515650FDF006C1A82 /* entities.c */,
				D552D77615650FDF006C1A82 /* entities.h */,
				D552D77715650FDF006C1A82 /* fileio.c */,
				D552D77815650FDF006C1A82 /* fileio.h */,
				D552D77915650FDF006C1A82 /* forward.h */,
				D552D77A15650FDF006C1A82 /* iconvtc.c */,
				D552D77B15650FDF006C1A82 /* iconvtc.h */,
				D552D77C15650FDF006C1A82 /* istack.c */,
				D552D77D15650FDF006C1A82 /* lexer.c */,
				D552D77E15650FDF006C1A82 /* lexer.h */,
				D552D77F15650FDF006C1A82 /* localize.c */,
				D552D78015650FDF006C1A82 /* mappedio.c */,
				D552D78115650FDF006C1A82 /* mappedio.h */,
				D552D78215650FDF006C1A82 /* message.h */,
				D552D78315650FDF006C1A82 /* parser.c */,
				D552D78415650FDF006C1A82 /* parser.h */,
				D552D78515650FDF006C1A82 /* pprint.c */,
				D552D78615650FDF006C1A82 /* pprint.h */,
				D552D78715650FDF006C1A82 /* streamio.c */,
				D552D78815650FDF006C1A82 /* streamio.h */,
				D552D78915650FDF006C1A82 /* tagask.c */,
				D552D78A15650FDF006C1A82 /* tags.c */,
				D552D78B15650FDF006C1A82 /* tags.h */,
				D552D78C15650FDF006C1A82 /* tidy-int.h */,
				D552D78D15650FDF006C1A82 /* tidylib.c */,
				D552D78E15650FDF006C1A82 /* tmbstr.c */,
				D552D78F15650FDF006C1A82 /* tmbstr.h */,
				D552D79015650FDF006C1A82 /* utf8.c */,
				D552D79115650FDF006C1A82 /* utf8.h */,
				D552D79215650FDF006C1A82 /* version.h */,
			);
			name = Tidy;
			sourceTree = "<group>";
		};
		D56308451503B56700F3187F /* iGrepTests */ = {
			isa = PBXGroup;
			children = (
				D56308461503B56700F3187F /* Supporting Files */,
				D56308521503B58100F3187F /* MailDocumentTests.h */,
				D56308531503B58100F3187F /* MailDocumentTests.m */,
				D53DB590151D29B7003061B1 /* HtmlDocumentTests.h */,
				D53DB591151D29B7003061B1 /* HtmlDocumentTests.m */,
				D50BA5021503CA70003D88DC /* DocumentsIndexTests.h */,
				D50BA5031503CA70003D88DC /* DocumentsIndexTests.m */,
				D5B73C53150814AE00E34F33 /* SqliteIndexTests.h */,
				D5B73C54150814AE00E34F33 /* SqliteIndexTests.m */,
				D5B73C5A1508231D00E34F33 /* RawFileIndexTests.h */,
				D5B73C5B1508231D00E34F33 /* RawFileIndexTests.m */,
			);
			path = iGrepTests;
			sourceTree = "<group>";
		};
		D56308461503B56700F3187F /* Supporting Files */ = {
			isa = PBXGroup;
			children = (
				D56308471503B56700F3187F /* iGrepTests-Info.plist */,
				D56308481503B56700F3187F /* InfoPlist.strings */,
				D563084E1503B56700F3187F /* iGrepTests-Prefix.pch */,
				D53DB597151D2C28003061B1 /* tfidf.html */,
			);
			name = "Supporting Files";
			sourceTree = "<group>";
		};
		D5ED17CE15013C1300D78E99 = {
			isa = PBXGroup;
			children = (
				D53DB58B151D0C81003061B1 /* Third-Party */,
				D5ED17E315013C1400D78E99 /* iGrep */,
				D56308451503B56700F3187F /* iGrepTests */,
				D53DB58A151D0C7B003061B1 /* Demo */,
				D5ED17DC15013C1400D78E99 /* Frameworks */,
				D5ED17DA15013C1400D78E99 /* Products */,
			);
			sourceTree = "<group>";
		};
		D5ED17DA15013C1400D78E99 /* Products */ = {
			isa = PBXGroup;
			children = (
				D5ED17D915013C1400D78E99 /* iGrep.app */,
				D56308411503B56700F3187F /* iGrepTests.octest */,
				D54466B3150AC59800BDAE22 /* libObjectiveZip.a */,
			);
			name = Products;
			sourceTree = "<group>";
		};
		D5ED17DC15013C1400D78E99 /* Frameworks */ = {
			isa = PBXGroup;
			children = (
				D57F8567150ACFB5004A1C81 /* libz.dylib */,
				D5ED18071501671700D78E99 /* libsqlite3.dylib */,
				D5ED17DD15013C1400D78E99 /* UIKit.framework */,
				D5ED17DF15013C1400D78E99 /* Foundation.framework */,
				D5ED17E115013C1400D78E99 /* CoreGraphics.framework */,
				D563082B1503B54100F3187F /* SenTestingKit.framework */,
			);
			name = Frameworks;
			sourceTree = "<group>";
		};
		D5ED17E315013C1400D78E99 /* iGrep */ = {
			isa = PBXGroup;
			children = (
				D56308201503ACE000F3187F /* CXDocument.h */,
				D56308211503ACE000F3187F /* CXDocument.m */,
				D50BA4FE1503CA42003D88DC /* CXDocumentsIndex.h */,
				D50BA4FF1503CA42003D88DC /* CXDocumentsIndex.m */,
				D5B73C4E15080FE800E34F33 /* CXSqliteDocumentsIndex.h */,
				D5B73C4F15080FE800E34F33 /* CXSqliteDocumentsIndex.m */,
				D5B73C56150816B700E34F33 /* CXRawFileIndex.h */,
				D5B73C57150816B700E34F33 /* CXRawFileIndex.m */,
				D53DB58C151D1A76003061B1 /* CXMailDocument.h */,
				D53DB58D151D1A76003061B1 /* CXMailDocument.m */,
				D53DB593151D2AA9003061B1 /* CXHtmlDocument.h */,
				D53DB594151D2AAA003061B1 /* CXHtmlDocument.m */,
			);
			path = iGrep;
			sourceTree = "<group>";
		};
		D5ED17E415013C1400D78E99 /* Supporting Files */ = {
			isa = PBXGroup;
			children = (
				D5446690150AC4C100BDAE22 /* maildir.zip */,
				D56308231503B52100F3187F /* maildir */,
				D5ED17E515013C1400D78E99 /* iGrep-Info.plist */,
				D5ED17E615013C1400D78E99 /* InfoPlist.strings */,
				D5ED17E915013C1400D78E99 /* main.m */,
				D5ED17EB15013C1400D78E99 /* iGrep-Prefix.pch */,
			);
			name = "Supporting Files";
			path = iGrep;
			sourceTree = "<group>";
		};
/* End PBXGroup section */

/* Begin PBXHeadersBuildPhase section */
		D54466B1150AC59800BDAE22 /* Headers */ = {
			isa = PBXHeadersBuildPhase;
			buildActionMask = 2147483647;
			files = (
			);
			runOnlyForDeploymentPostprocessing = 0;
		};
/* End PBXHeadersBuildPhase section */

/* Begin PBXNativeTarget section */
		D54466B2150AC59800BDAE22 /* ObjectiveZip */ = {
			isa = PBXNativeTarget;
			buildConfigurationList = D54466BB150AC59800BDAE22 /* Build configuration list for PBXNativeTarget "ObjectiveZip" */;
			buildPhases = (
				D54466AF150AC59800BDAE22 /* Sources */,
				D54466B0150AC59800BDAE22 /* Frameworks */,
				D54466B1150AC59800BDAE22 /* Headers */,
			);
			buildRules = (
			);
			dependencies = (
			);
			name = ObjectiveZip;
			productName = ObjectiveZip;
			productReference = D54466B3150AC59800BDAE22 /* libObjectiveZip.a */;
			productType = "com.apple.product-type.library.static";
		};
		D56308401503B56700F3187F /* iGrepTests */ = {
			isa = PBXNativeTarget;
			buildConfigurationList = D563084F1503B56700F3187F /* Build configuration list for PBXNativeTarget "iGrepTests" */;
			buildPhases = (
				D563083C1503B56700F3187F /* Sources */,
				D563083D1503B56700F3187F /* Frameworks */,
				D563083E1503B56700F3187F /* Resources */,
				D563083F1503B56700F3187F /* ShellScript */,
			);
			buildRules = (
			);
			dependencies = (
			);
			name = iGrepTests;
			productName = DocumentSearchTests;
			productReference = D56308411503B56700F3187F /* iGrepTests.octest */;
			productType = "com.apple.product-type.bundle";
		};
		D5ED17D815013C1400D78E99 /* iGrep */ = {
			isa = PBXNativeTarget;
			buildConfigurationList = D5ED17F715013C1400D78E99 /* Build configuration list for PBXNativeTarget "iGrep" */;
			buildPhases = (
				D5ED17D515013C1400D78E99 /* Sources */,
				D5ED17D615013C1400D78E99 /* Frameworks */,
				D5ED17D715013C1400D78E99 /* Resources */,
			);
			buildRules = (
			);
			dependencies = (
				D54466D1150AC8BB00BDAE22 /* PBXTargetDependency */,
			);
			name = iGrep;
			productName = Autocomplete;
			productReference = D5ED17D915013C1400D78E99 /* iGrep.app */;
			productType = "com.apple.product-type.application";
		};
/* End PBXNativeTarget section */

/* Begin PBXProject section */
		D5ED17D015013C1300D78E99 /* Project object */ = {
			isa = PBXProject;
			attributes = {
				LastUpgradeCheck = 0430;
			};
			buildConfigurationList = D5ED17D315013C1300D78E99 /* Build configuration list for PBXProject "iGrep" */;
			compatibilityVersion = "Xcode 3.2";
			developmentRegion = English;
			hasScannedForEncodings = 0;
			knownRegions = (
				en,
			);
			mainGroup = D5ED17CE15013C1300D78E99;
			productRefGroup = D5ED17DA15013C1400D78E99 /* Products */;
			projectDirPath = "";
			projectRoot = "";
			targets = (
				D5ED17D815013C1400D78E99 /* iGrep */,
				D56308401503B56700F3187F /* iGrepTests */,
				D54466B2150AC59800BDAE22 /* ObjectiveZip */,
			);
		};
/* End PBXProject section */

/* Begin PBXResourcesBuildPhase section */
		D563083E1503B56700F3187F /* Resources */ = {
			isa = PBXResourcesBuildPhase;
			buildActionMask = 2147483647;
			files = (
				D563084A1503B56700F3187F /* InfoPlist.strings in Resources */,
				D56308561503B87300F3187F /* maildir in Resources */,
				D57F856C150AD210004A1C81 /* maildir.zip in Resources */,
				D53DB598151D2C28003061B1 /* tfidf.html in Resources */,
			);
			runOnlyForDeploymentPostprocessing = 0;
		};
		D5ED17D715013C1400D78E99 /* Resources */ = {
			isa = PBXResourcesBuildPhase;
			buildActionMask = 2147483647;
			files = (
				D5ED17E815013C1400D78E99 /* InfoPlist.strings in Resources */,
				D5ED17F415013C1400D78E99 /* ViewController.xib in Resources */,
				D50BA50E15042634003D88DC /* DocumentViewController.xib in Resources */,
				D5446691150AC4C100BDAE22 /* maildir.zip in Resources */,
			);
			runOnlyForDeploymentPostprocessing = 0;
		};
/* End PBXResourcesBuildPhase section */

/* Begin PBXShellScriptBuildPhase section */
		D563083F1503B56700F3187F /* ShellScript */ = {
			isa = PBXShellScriptBuildPhase;
			buildActionMask = 2147483647;
			files = (
			);
			inputPaths = (
			);
			outputPaths = (
			);
			runOnlyForDeploymentPostprocessing = 0;
			shellPath = /bin/sh;
			shellScript = "# Run the unit tests in this test bundle.\n\"${SYSTEM_DEVELOPER_DIR}/Tools/RunUnitTests\"\n";
		};
/* End PBXShellScriptBuildPhase section */

/* Begin PBXSourcesBuildPhase section */
		D54466AF150AC59800BDAE22 /* Sources */ = {
			isa = PBXSourcesBuildPhase;
			buildActionMask = 2147483647;
			files = (
				D54466BE150AC5C500BDAE22 /* ioapi.c in Sources */,
				D54466BF150AC5C500BDAE22 /* ioapi.h in Sources */,
				D54466C0150AC5C500BDAE22 /* mztools.c in Sources */,
				D54466C1150AC5C500BDAE22 /* mztools.h in Sources */,
				D54466C2150AC5C500BDAE22 /* unzip.c in Sources */,
				D54466C3150AC5C500BDAE22 /* unzip.h in Sources */,
				D54466C4150AC5C500BDAE22 /* zip.c in Sources */,
				D54466C5150AC5C500BDAE22 /* zip.h in Sources */,
				D54466C6150AC5E400BDAE22 /* FileInZipInfo.h in Sources */,
				D54466C7150AC5E400BDAE22 /* FileInZipInfo.m in Sources */,
				D54466C8150AC5E400BDAE22 /* ZipException.h in Sources */,
				D54466C9150AC5E400BDAE22 /* ZipException.m in Sources */,
				D54466CA150AC5E400BDAE22 /* ZipFile.h in Sources */,
				D54466CB150AC5E400BDAE22 /* ZipFile.m in Sources */,
				D54466CC150AC5E400BDAE22 /* ZipReadStream.h in Sources */,
				D54466CD150AC5E400BDAE22 /* ZipReadStream.m in Sources */,
				D54466CE150AC5E400BDAE22 /* ZipWriteStream.h in Sources */,
				D54466CF150AC5E400BDAE22 /* ZipWriteStream.m in Sources */,
			);
			runOnlyForDeploymentPostprocessing = 0;
		};
		D563083C1503B56700F3187F /* Sources */ = {
			isa = PBXSourcesBuildPhase;
			buildActionMask = 2147483647;
			files = (
				D552D7B315651071006C1A82 /* access.c in Sources */,
				D552D7B415651071006C1A82 /* alloc.c in Sources */,
				D552D7B515651071006C1A82 /* attrask.c in Sources */,
				D552D7B615651071006C1A82 /* attrdict.c in Sources */,
				D552D7B715651071006C1A82 /* attrget.c in Sources */,
				D552D7B815651071006C1A82 /* attrs.c in Sources */,
				D552D7B915651071006C1A82 /* buffio.c in Sources */,
				D552D7BA15651071006C1A82 /* charsets.c in Sources */,
				D552D7BB15651071006C1A82 /* clean.c in Sources */,
				D552D7BC15651071006C1A82 /* config.c in Sources */,
				D552D7BD15651071006C1A82 /* entities.c in Sources */,
				D552D7BE15651071006C1A82 /* fileio.c in Sources */,
				D552D7BF15651071006C1A82 /* iconvtc.c in Sources */,
				D552D7C015651071006C1A82 /* istack.c in Sources */,
				D552D7C115651071006C1A82 /* lexer.c in Sources */,
				D552D7C215651071006C1A82 /* localize.c in Sources */,
				D552D7C315651071006C1A82 /* mappedio.c in Sources */,
				D552D7C415651071006C1A82 /* parser.c in Sources */,
				D552D7C515651071006C1A82 /* pprint.c in Sources */,
				D552D7C615651071006C1A82 /* streamio.c in Sources */,
				D552D7C715651071006C1A82 /* tagask.c in Sources */,
				D552D7C815651071006C1A82 /* tags.c in Sources */,
				D552D7C915651071006C1A82 /* tidylib.c in Sources */,
				D552D7CA15651071006C1A82 /* tmbstr.c in Sources */,
				D552D7CB15651071006C1A82 /* utf8.c in Sources */,
				D50BA4FD1503C7A9003D88DC /* MACollectionUtilities.m in Sources */,
				D56308551503B86500F3187F /* CXDocument.m in Sources */,
				D56308541503B58100F3187F /* MailDocumentTests.m in Sources */,
				D50BA5011503CA42003D88DC /* CXDocumentsIndex.m in Sources */,
				D50BA5041503CA70003D88DC /* DocumentsIndexTests.m in Sources */,
				D5B73C5115080FE800E34F33 /* CXSqliteDocumentsIndex.m in Sources */,
				D5B73C55150814AE00E34F33 /* SqliteIndexTests.m in Sources */,
				D5B73C59150816B700E34F33 /* CXRawFileIndex.m in Sources */,
				D5B73C5C1508231D00E34F33 /* RawFileIndexTests.m in Sources */,
				D53DB58F151D1A81003061B1 /* CXMailDocument.m in Sources */,
				D53DB592151D29B7003061B1 /* HtmlDocumentTests.m in Sources */,
				D53DB596151D2AAA003061B1 /* CXHtmlDocument.m in Sources */,
			);
			runOnlyForDeploymentPostprocessing = 0;
		};
		D5ED17D515013C1400D78E99 /* Sources */ = {
			isa = PBXSourcesBuildPhase;
			buildActionMask = 2147483647;
			files = (
				D5ED17EA15013C1400D78E99 /* main.m in Sources */,
				D5ED17EE15013C1400D78E99 /* AppDelegate.m in Sources */,
				D5ED17F115013C1400D78E99 /* ViewController.m in Sources */,
				D56308221503ACE000F3187F /* CXDocument.m in Sources */,
				D50BA4FC1503C630003D88DC /* MACollectionUtilities.m in Sources */,
				D50BA5001503CA42003D88DC /* CXDocumentsIndex.m in Sources */,
				D50BA50D15042634003D88DC /* DocumentViewController.m in Sources */,
				D5B73C5015080FE800E34F33 /* CXSqliteDocumentsIndex.m in Sources */,
				D5B73C58150816B700E34F33 /* CXRawFileIndex.m in Sources */,
				D53DB58E151D1A76003061B1 /* CXMailDocument.m in Sources */,
				D53DB595151D2AAA003061B1 /* CXHtmlDocument.m in Sources */,
				D552D79515650FDF006C1A82 /* access.c in Sources */,
				D552D79615650FDF006C1A82 /* alloc.c in Sources */,
				D552D79715650FDF006C1A82 /* attrask.c in Sources */,
				D552D79815650FDF006C1A82 /* attrdict.c in Sources */,
				D552D79915650FDF006C1A82 /* attrget.c in Sources */,
				D552D79A15650FDF006C1A82 /* attrs.c in Sources */,
				D552D79B15650FDF006C1A82 /* buffio.c in Sources */,
				D552D79C15650FDF006C1A82 /* charsets.c in Sources */,
				D552D79D15650FDF006C1A82 /* clean.c in Sources */,
				D552D79E15650FDF006C1A82 /* config.c in Sources */,
				D552D79F15650FDF006C1A82 /* entities.c in Sources */,
				D552D7A015650FDF006C1A82 /* fileio.c in Sources */,
				D552D7A115650FDF006C1A82 /* iconvtc.c in Sources */,
				D552D7A215650FDF006C1A82 /* istack.c in Sources */,
				D552D7A315650FDF006C1A82 /* lexer.c in Sources */,
				D552D7A415650FDF006C1A82 /* localize.c in Sources */,
				D552D7A515650FDF006C1A82 /* mappedio.c in Sources */,
				D552D7A615650FDF006C1A82 /* parser.c in Sources */,
				D552D7A715650FDF006C1A82 /* pprint.c in Sources */,
				D552D7A815650FDF006C1A82 /* streamio.c in Sources */,
				D552D7A915650FDF006C1A82 /* tagask.c in Sources */,
				D552D7AA15650FDF006C1A82 /* tags.c in Sources */,
				D552D7AB15650FDF006C1A82 /* tidylib.c in Sources */,
				D552D7AC15650FDF006C1A82 /* tmbstr.c in Sources */,
				D552D7AD15650FDF006C1A82 /* utf8.c in Sources */,
			);
			runOnlyForDeploymentPostprocessing = 0;
		};
/* End PBXSourcesBuildPhase section */

/* Begin PBXTargetDependency section */
		D54466D1150AC8BB00BDAE22 /* PBXTargetDependency */ = {
			isa = PBXTargetDependency;
			target = D54466B2150AC59800BDAE22 /* ObjectiveZip */;
			targetProxy = D54466D0150AC8BB00BDAE22 /* PBXContainerItemProxy */;
		};
/* End PBXTargetDependency section */

/* Begin PBXVariantGroup section */
		D56308481503B56700F3187F /* InfoPlist.strings */ = {
			isa = PBXVariantGroup;
			children = (
				D56308491503B56700F3187F /* en */,
			);
			name = InfoPlist.strings;
			sourceTree = "<group>";
		};
		D5ED17E615013C1400D78E99 /* InfoPlist.strings */ = {
			isa = PBXVariantGroup;
			children = (
				D5ED17E715013C1400D78E99 /* en */,
			);
			name = InfoPlist.strings;
			sourceTree = "<group>";
		};
		D5ED17F215013C1400D78E99 /* ViewController.xib */ = {
			isa = PBXVariantGroup;
			children = (
				D5ED17F315013C1400D78E99 /* en */,
			);
			name = ViewController.xib;
			path = iGrep;
			sourceTree = "<group>";
		};
/* End PBXVariantGroup section */

/* Begin XCBuildConfiguration section */
		D54466BC150AC59800BDAE22 /* Debug */ = {
			isa = XCBuildConfiguration;
			buildSettings = {
				CLANG_ENABLE_OBJC_ARC = NO;
				DSTROOT = /tmp/ObjectiveZip.dst;
				GCC_PRECOMPILE_PREFIX_HEADER = YES;
				IPHONEOS_DEPLOYMENT_TARGET = 5.1;
				OTHER_LDFLAGS = "-ObjC";
				PRODUCT_NAME = "$(TARGET_NAME)";
				SKIP_INSTALL = YES;
			};
			name = Debug;
		};
		D54466BD150AC59800BDAE22 /* Release */ = {
			isa = XCBuildConfiguration;
			buildSettings = {
				CLANG_ENABLE_OBJC_ARC = NO;
				DSTROOT = /tmp/ObjectiveZip.dst;
				GCC_PRECOMPILE_PREFIX_HEADER = YES;
				IPHONEOS_DEPLOYMENT_TARGET = 5.1;
				OTHER_LDFLAGS = "-ObjC";
				PRODUCT_NAME = "$(TARGET_NAME)";
				SKIP_INSTALL = YES;
			};
			name = Release;
		};
		D56308501503B56700F3187F /* Debug */ = {
			isa = XCBuildConfiguration;
			buildSettings = {
				FRAMEWORK_SEARCH_PATHS = (
					"$(SDKROOT)/Developer/Library/Frameworks",
					"$(DEVELOPER_LIBRARY_DIR)/Frameworks",
				);
				GCC_PRECOMPILE_PREFIX_HEADER = YES;
				GCC_PREFIX_HEADER = "iGrepTests/iGrepTests-Prefix.pch";
				INFOPLIST_FILE = "iGrepTests/iGrepTests-Info.plist";
				PRODUCT_NAME = iGrepTests;
				WRAPPER_EXTENSION = octest;
			};
			name = Debug;
		};
		D56308511503B56700F3187F /* Release */ = {
			isa = XCBuildConfiguration;
			buildSettings = {
				FRAMEWORK_SEARCH_PATHS = (
					"$(SDKROOT)/Developer/Library/Frameworks",
					"$(DEVELOPER_LIBRARY_DIR)/Frameworks",
				);
				GCC_PRECOMPILE_PREFIX_HEADER = YES;
				GCC_PREFIX_HEADER = "iGrepTests/iGrepTests-Prefix.pch";
				INFOPLIST_FILE = "iGrepTests/iGrepTests-Info.plist";
				PRODUCT_NAME = iGrepTests;
				WRAPPER_EXTENSION = octest;
			};
			name = Release;
		};
		D5ED17F515013C1400D78E99 /* Debug */ = {
			isa = XCBuildConfiguration;
			buildSettings = {
				ALWAYS_SEARCH_USER_PATHS = NO;
				ARCHS = "$(ARCHS_STANDARD_32_BIT)";
				CLANG_ENABLE_OBJC_ARC = YES;
				"CODE_SIGN_IDENTITY[sdk=iphoneos*]" = "iPhone Developer";
				COPY_PHASE_STRIP = NO;
				GCC_C_LANGUAGE_STANDARD = gnu99;
				GCC_DYNAMIC_NO_PIC = NO;
				GCC_OPTIMIZATION_LEVEL = 0;
				GCC_PREPROCESSOR_DEFINITIONS = (
					"DEBUG=1",
					"$(inherited)",
				);
				GCC_SYMBOLS_PRIVATE_EXTERN = NO;
				GCC_VERSION = com.apple.compilers.llvm.clang.1_0;
				GCC_WARN_ABOUT_RETURN_TYPE = YES;
				GCC_WARN_UNINITIALIZED_AUTOS = YES;
				GCC_WARN_UNUSED_VARIABLE = YES;
				IPHONEOS_DEPLOYMENT_TARGET = 5.0;
				SDKROOT = iphoneos;
			};
			name = Debug;
		};
		D5ED17F615013C1400D78E99 /* Release */ = {
			isa = XCBuildConfiguration;
			buildSettings = {
				ALWAYS_SEARCH_USER_PATHS = NO;
				ARCHS = "$(ARCHS_STANDARD_32_BIT)";
				CLANG_ENABLE_OBJC_ARC = YES;
				"CODE_SIGN_IDENTITY[sdk=iphoneos*]" = "iPhone Developer";
				COPY_PHASE_STRIP = YES;
				GCC_C_LANGUAGE_STANDARD = gnu99;
				GCC_VERSION = com.apple.compilers.llvm.clang.1_0;
				GCC_WARN_ABOUT_RETURN_TYPE = YES;
				GCC_WARN_UNINITIALIZED_AUTOS = YES;
				GCC_WARN_UNUSED_VARIABLE = YES;
				IPHONEOS_DEPLOYMENT_TARGET = 5.0;
				OTHER_CFLAGS = "-DNS_BLOCK_ASSERTIONS=1";
				SDKROOT = iphoneos;
				VALIDATE_PRODUCT = YES;
			};
			name = Release;
		};
		D5ED17F815013C1400D78E99 /* Debug */ = {
			isa = XCBuildConfiguration;
			buildSettings = {
				GCC_PRECOMPILE_PREFIX_HEADER = YES;
				GCC_PREFIX_HEADER = "iGrep/iGrep-Prefix.pch";
				INFOPLIST_FILE = "iGrep/iGrep-Info.plist";
				IPHONEOS_DEPLOYMENT_TARGET = 5.0;
				PRODUCT_NAME = iGrep;
				TARGETED_DEVICE_FAMILY = "1,2";
				WRAPPER_EXTENSION = app;
			};
			name = Debug;
		};
		D5ED17F915013C1400D78E99 /* Release */ = {
			isa = XCBuildConfiguration;
			buildSettings = {
				GCC_PRECOMPILE_PREFIX_HEADER = YES;
				GCC_PREFIX_HEADER = "iGrep/iGrep-Prefix.pch";
				INFOPLIST_FILE = "iGrep/iGrep-Info.plist";
				IPHONEOS_DEPLOYMENT_TARGET = 5.0;
				PRODUCT_NAME = iGrep;
				TARGETED_DEVICE_FAMILY = "1,2";
				WRAPPER_EXTENSION = app;
			};
			name = Release;
		};
/* End XCBuildConfiguration section */

/* Begin XCConfigurationList section */
		D54466BB150AC59800BDAE22 /* Build configuration list for PBXNativeTarget "ObjectiveZip" */ = {
			isa = XCConfigurationList;
			buildConfigurations = (
				D54466BC150AC59800BDAE22 /* Debug */,
				D54466BD150AC59800BDAE22 /* Release */,
			);
			defaultConfigurationIsVisible = 0;
			defaultConfigurationName = Release;
		};
		D563084F1503B56700F3187F /* Build configuration list for PBXNativeTarget "iGrepTests" */ = {
			isa = XCConfigurationList;
			buildConfigurations = (
				D56308501503B56700F3187F /* Debug */,
				D56308511503B56700F3187F /* Release */,
			);
			defaultConfigurationIsVisible = 0;
			defaultConfigurationName = Release;
		};
		D5ED17D315013C1300D78E99 /* Build configuration list for PBXProject "iGrep" */ = {
			isa = XCConfigurationList;
			buildConfigurations = (
				D5ED17F515013C1400D78E99 /* Debug */,
				D5ED17F615013C1400D78E99 /* Release */,
			);
			defaultConfigurationIsVisible = 0;
			defaultConfigurationName = Release;
		};
		D5ED17F715013C1400D78E99 /* Build configuration list for PBXNativeTarget "iGrep" */ = {
			isa = XCConfigurationList;
			buildConfigurations = (
				D5ED17F815013C1400D78E99 /* Debug */,
				D5ED17F915013C1400D78E99 /* Release */,
			);
			defaultConfigurationIsVisible = 0;
			defaultConfigurationName = Release;
		};
/* End XCConfigurationList section */
	};
	rootObject = D5ED17D015013C1300D78E99 /* Project object */;
}
