// !$*UTF8*$!
{
	archiveVersion = 1;
	classes = {
	};
	objectVersion = 46;
	objects = {

/* Begin PBXBuildFile section */
		D50BA4FC1503C630003D88DC /* MACollectionUtilities.m in Sources */ = {isa = PBXBuildFile; fileRef = D50BA4FB1503C630003D88DC /* MACollectionUtilities.m */; };
		D50BA4FD1503C7A9003D88DC /* MACollectionUtilities.m in Sources */ = {isa = PBXBuildFile; fileRef = D50BA4FB1503C630003D88DC /* MACollectionUtilities.m */; };
		D50BA5001503CA42003D88DC /* DocumentsIndex.m in Sources */ = {isa = PBXBuildFile; fileRef = D50BA4FF1503CA42003D88DC /* DocumentsIndex.m */; };
		D50BA5011503CA42003D88DC /* DocumentsIndex.m in Sources */ = {isa = PBXBuildFile; fileRef = D50BA4FF1503CA42003D88DC /* DocumentsIndex.m */; };
		D50BA5041503CA70003D88DC /* DocumentsIndexTests.m in Sources */ = {isa = PBXBuildFile; fileRef = D50BA5031503CA70003D88DC /* DocumentsIndexTests.m */; };
		D50BA5051503CB48003D88DC /* libsqlite3.dylib in Frameworks */ = {isa = PBXBuildFile; fileRef = D5ED18071501671700D78E99 /* libsqlite3.dylib */; };
		D50BA50D15042634003D88DC /* DocumentViewController.m in Sources */ = {isa = PBXBuildFile; fileRef = D50BA50B15042633003D88DC /* DocumentViewController.m */; };
		D50BA50E15042634003D88DC /* DocumentViewController.xib in Resources */ = {isa = PBXBuildFile; fileRef = D50BA50C15042634003D88DC /* DocumentViewController.xib */; };
		D56308221503ACE000F3187F /* Document.m in Sources */ = {isa = PBXBuildFile; fileRef = D56308211503ACE000F3187F /* Document.m */; };
		D56308241503B52100F3187F /* maildir in Resources */ = {isa = PBXBuildFile; fileRef = D56308231503B52100F3187F /* maildir */; };
		D56308421503B56700F3187F /* SenTestingKit.framework in Frameworks */ = {isa = PBXBuildFile; fileRef = D563082B1503B54100F3187F /* SenTestingKit.framework */; };
		D56308431503B56700F3187F /* UIKit.framework in Frameworks */ = {isa = PBXBuildFile; fileRef = D5ED17DD15013C1400D78E99 /* UIKit.framework */; };
		D56308441503B56700F3187F /* Foundation.framework in Frameworks */ = {isa = PBXBuildFile; fileRef = D5ED17DF15013C1400D78E99 /* Foundation.framework */; };
		D563084A1503B56700F3187F /* InfoPlist.strings in Resources */ = {isa = PBXBuildFile; fileRef = D56308481503B56700F3187F /* InfoPlist.strings */; };
		D56308541503B58100F3187F /* DocumentTests.m in Sources */ = {isa = PBXBuildFile; fileRef = D56308531503B58100F3187F /* DocumentTests.m */; };
		D56308551503B86500F3187F /* Document.m in Sources */ = {isa = PBXBuildFile; fileRef = D56308211503ACE000F3187F /* Document.m */; };
		D56308561503B87300F3187F /* maildir in Resources */ = {isa = PBXBuildFile; fileRef = D56308231503B52100F3187F /* maildir */; };
		D5B73C5015080FE800E34F33 /* SqliteDocumentsIndex.m in Sources */ = {isa = PBXBuildFile; fileRef = D5B73C4F15080FE800E34F33 /* SqliteDocumentsIndex.m */; };
		D5B73C5115080FE800E34F33 /* SqliteDocumentsIndex.m in Sources */ = {isa = PBXBuildFile; fileRef = D5B73C4F15080FE800E34F33 /* SqliteDocumentsIndex.m */; };
		D5B73C55150814AE00E34F33 /* SqliteIndexTests.m in Sources */ = {isa = PBXBuildFile; fileRef = D5B73C54150814AE00E34F33 /* SqliteIndexTests.m */; };
		D5ED17DE15013C1400D78E99 /* UIKit.framework in Frameworks */ = {isa = PBXBuildFile; fileRef = D5ED17DD15013C1400D78E99 /* UIKit.framework */; };
		D5ED17E015013C1400D78E99 /* Foundation.framework in Frameworks */ = {isa = PBXBuildFile; fileRef = D5ED17DF15013C1400D78E99 /* Foundation.framework */; };
		D5ED17E215013C1400D78E99 /* CoreGraphics.framework in Frameworks */ = {isa = PBXBuildFile; fileRef = D5ED17E115013C1400D78E99 /* CoreGraphics.framework */; };
		D5ED17E815013C1400D78E99 /* InfoPlist.strings in Resources */ = {isa = PBXBuildFile; fileRef = D5ED17E615013C1400D78E99 /* InfoPlist.strings */; };
		D5ED17EA15013C1400D78E99 /* main.m in Sources */ = {isa = PBXBuildFile; fileRef = D5ED17E915013C1400D78E99 /* main.m */; };
		D5ED17EE15013C1400D78E99 /* AppDelegate.m in Sources */ = {isa = PBXBuildFile; fileRef = D5ED17ED15013C1400D78E99 /* AppDelegate.m */; };
		D5ED17F115013C1400D78E99 /* ViewController.m in Sources */ = {isa = PBXBuildFile; fileRef = D5ED17F015013C1400D78E99 /* ViewController.m */; };
		D5ED17F415013C1400D78E99 /* ViewController.xib in Resources */ = {isa = PBXBuildFile; fileRef = D5ED17F215013C1400D78E99 /* ViewController.xib */; };
		D5ED18081501671700D78E99 /* libsqlite3.dylib in Frameworks */ = {isa = PBXBuildFile; fileRef = D5ED18071501671700D78E99 /* libsqlite3.dylib */; };
/* End PBXBuildFile section */

/* Begin PBXFileReference section */
		D50BA4FA1503C630003D88DC /* MACollectionUtilities.h */ = {isa = PBXFileReference; fileEncoding = 4; lastKnownFileType = sourcecode.c.h; name = MACollectionUtilities.h; path = MACollectionUtilities/MACollectionUtilities.h; sourceTree = "<group>"; };
		D50BA4FB1503C630003D88DC /* MACollectionUtilities.m */ = {isa = PBXFileReference; fileEncoding = 4; lastKnownFileType = sourcecode.c.objc; name = MACollectionUtilities.m; path = MACollectionUtilities/MACollectionUtilities.m; sourceTree = "<group>"; };
		D50BA4FE1503CA42003D88DC /* DocumentsIndex.h */ = {isa = PBXFileReference; fileEncoding = 4; lastKnownFileType = sourcecode.c.h; path = DocumentsIndex.h; sourceTree = "<group>"; };
		D50BA4FF1503CA42003D88DC /* DocumentsIndex.m */ = {isa = PBXFileReference; fileEncoding = 4; lastKnownFileType = sourcecode.c.objc; path = DocumentsIndex.m; sourceTree = "<group>"; };
		D50BA5021503CA70003D88DC /* DocumentsIndexTests.h */ = {isa = PBXFileReference; fileEncoding = 4; lastKnownFileType = sourcecode.c.h; path = DocumentsIndexTests.h; sourceTree = "<group>"; };
		D50BA5031503CA70003D88DC /* DocumentsIndexTests.m */ = {isa = PBXFileReference; fileEncoding = 4; lastKnownFileType = sourcecode.c.objc; path = DocumentsIndexTests.m; sourceTree = "<group>"; };
		D50BA50A15042633003D88DC /* DocumentViewController.h */ = {isa = PBXFileReference; fileEncoding = 4; lastKnownFileType = sourcecode.c.h; path = DocumentViewController.h; sourceTree = "<group>"; };
		D50BA50B15042633003D88DC /* DocumentViewController.m */ = {isa = PBXFileReference; fileEncoding = 4; lastKnownFileType = sourcecode.c.objc; path = DocumentViewController.m; sourceTree = "<group>"; };
		D50BA50C15042634003D88DC /* DocumentViewController.xib */ = {isa = PBXFileReference; fileEncoding = 4; lastKnownFileType = file.xib; path = DocumentViewController.xib; sourceTree = "<group>"; };
		D56308201503ACE000F3187F /* Document.h */ = {isa = PBXFileReference; fileEncoding = 4; lastKnownFileType = sourcecode.c.h; path = Document.h; sourceTree = "<group>"; };
		D56308211503ACE000F3187F /* Document.m */ = {isa = PBXFileReference; fileEncoding = 4; lastKnownFileType = sourcecode.c.objc; path = Document.m; sourceTree = "<group>"; };
		D56308231503B52100F3187F /* maildir */ = {isa = PBXFileReference; lastKnownFileType = folder; path = maildir; sourceTree = SOURCE_ROOT; };
		D563082B1503B54100F3187F /* SenTestingKit.framework */ = {isa = PBXFileReference; lastKnownFileType = wrapper.framework; name = SenTestingKit.framework; path = Library/Frameworks/SenTestingKit.framework; sourceTree = DEVELOPER_DIR; };
		D56308411503B56700F3187F /* DocumentSearchTests.octest */ = {isa = PBXFileReference; explicitFileType = wrapper.cfbundle; includeInIndex = 0; path = DocumentSearchTests.octest; sourceTree = BUILT_PRODUCTS_DIR; };
		D56308471503B56700F3187F /* DocumentSearchTests-Info.plist */ = {isa = PBXFileReference; lastKnownFileType = text.plist.xml; path = "DocumentSearchTests-Info.plist"; sourceTree = "<group>"; };
		D56308491503B56700F3187F /* en */ = {isa = PBXFileReference; lastKnownFileType = text.plist.strings; name = en; path = en.lproj/InfoPlist.strings; sourceTree = "<group>"; };
		D563084E1503B56700F3187F /* DocumentSearchTests-Prefix.pch */ = {isa = PBXFileReference; lastKnownFileType = sourcecode.c.h; path = "DocumentSearchTests-Prefix.pch"; sourceTree = "<group>"; };
		D56308521503B58100F3187F /* DocumentTests.h */ = {isa = PBXFileReference; fileEncoding = 4; lastKnownFileType = sourcecode.c.h; path = DocumentTests.h; sourceTree = "<group>"; };
		D56308531503B58100F3187F /* DocumentTests.m */ = {isa = PBXFileReference; fileEncoding = 4; lastKnownFileType = sourcecode.c.objc; path = DocumentTests.m; sourceTree = "<group>"; };
		D5B73C4E15080FE800E34F33 /* SqliteDocumentsIndex.h */ = {isa = PBXFileReference; fileEncoding = 4; lastKnownFileType = sourcecode.c.h; path = SqliteDocumentsIndex.h; sourceTree = "<group>"; };
		D5B73C4F15080FE800E34F33 /* SqliteDocumentsIndex.m */ = {isa = PBXFileReference; fileEncoding = 4; lastKnownFileType = sourcecode.c.objc; path = SqliteDocumentsIndex.m; sourceTree = "<group>"; };
		D5B73C53150814AE00E34F33 /* SqliteIndexTests.h */ = {isa = PBXFileReference; fileEncoding = 4; lastKnownFileType = sourcecode.c.h; path = SqliteIndexTests.h; sourceTree = "<group>"; };
		D5B73C54150814AE00E34F33 /* SqliteIndexTests.m */ = {isa = PBXFileReference; fileEncoding = 4; lastKnownFileType = sourcecode.c.objc; path = SqliteIndexTests.m; sourceTree = "<group>"; };
		D5ED17D915013C1400D78E99 /* DocumentSearch.app */ = {isa = PBXFileReference; explicitFileType = wrapper.application; includeInIndex = 0; path = DocumentSearch.app; sourceTree = BUILT_PRODUCTS_DIR; };
		D5ED17DD15013C1400D78E99 /* UIKit.framework */ = {isa = PBXFileReference; lastKnownFileType = wrapper.framework; name = UIKit.framework; path = System/Library/Frameworks/UIKit.framework; sourceTree = SDKROOT; };
		D5ED17DF15013C1400D78E99 /* Foundation.framework */ = {isa = PBXFileReference; lastKnownFileType = wrapper.framework; name = Foundation.framework; path = System/Library/Frameworks/Foundation.framework; sourceTree = SDKROOT; };
		D5ED17E115013C1400D78E99 /* CoreGraphics.framework */ = {isa = PBXFileReference; lastKnownFileType = wrapper.framework; name = CoreGraphics.framework; path = System/Library/Frameworks/CoreGraphics.framework; sourceTree = SDKROOT; };
		D5ED17E515013C1400D78E99 /* DocumentSearch-Info.plist */ = {isa = PBXFileReference; lastKnownFileType = text.plist.xml; path = "DocumentSearch-Info.plist"; sourceTree = "<group>"; };
		D5ED17E715013C1400D78E99 /* en */ = {isa = PBXFileReference; lastKnownFileType = text.plist.strings; name = en; path = en.lproj/InfoPlist.strings; sourceTree = "<group>"; };
		D5ED17E915013C1400D78E99 /* main.m */ = {isa = PBXFileReference; lastKnownFileType = sourcecode.c.objc; path = main.m; sourceTree = "<group>"; };
		D5ED17EB15013C1400D78E99 /* DocumentSearch-Prefix.pch */ = {isa = PBXFileReference; lastKnownFileType = sourcecode.c.h; path = "DocumentSearch-Prefix.pch"; sourceTree = "<group>"; };
		D5ED17EC15013C1400D78E99 /* AppDelegate.h */ = {isa = PBXFileReference; lastKnownFileType = sourcecode.c.h; path = AppDelegate.h; sourceTree = "<group>"; };
		D5ED17ED15013C1400D78E99 /* AppDelegate.m */ = {isa = PBXFileReference; lastKnownFileType = sourcecode.c.objc; path = AppDelegate.m; sourceTree = "<group>"; };
		D5ED17EF15013C1400D78E99 /* ViewController.h */ = {isa = PBXFileReference; lastKnownFileType = sourcecode.c.h; path = ViewController.h; sourceTree = "<group>"; };
		D5ED17F015013C1400D78E99 /* ViewController.m */ = {isa = PBXFileReference; lastKnownFileType = sourcecode.c.objc; path = ViewController.m; sourceTree = "<group>"; };
		D5ED17F315013C1400D78E99 /* en */ = {isa = PBXFileReference; lastKnownFileType = file.xib; name = en; path = en.lproj/ViewController.xib; sourceTree = "<group>"; };
		D5ED18071501671700D78E99 /* libsqlite3.dylib */ = {isa = PBXFileReference; lastKnownFileType = "compiled.mach-o.dylib"; name = libsqlite3.dylib; path = usr/lib/libsqlite3.dylib; sourceTree = SDKROOT; };
/* End PBXFileReference section */

/* Begin PBXFrameworksBuildPhase section */
		D563083D1503B56700F3187F /* Frameworks */ = {
			isa = PBXFrameworksBuildPhase;
			buildActionMask = 2147483647;
			files = (
				D50BA5051503CB48003D88DC /* libsqlite3.dylib in Frameworks */,
				D56308421503B56700F3187F /* SenTestingKit.framework in Frameworks */,
				D56308431503B56700F3187F /* UIKit.framework in Frameworks */,
				D56308441503B56700F3187F /* Foundation.framework in Frameworks */,
			);
			runOnlyForDeploymentPostprocessing = 0;
		};
		D5ED17D615013C1400D78E99 /* Frameworks */ = {
			isa = PBXFrameworksBuildPhase;
			buildActionMask = 2147483647;
			files = (
				D5ED18081501671700D78E99 /* libsqlite3.dylib in Frameworks */,
				D5ED17DE15013C1400D78E99 /* UIKit.framework in Frameworks */,
				D5ED17E015013C1400D78E99 /* Foundation.framework in Frameworks */,
				D5ED17E215013C1400D78E99 /* CoreGraphics.framework in Frameworks */,
			);
			runOnlyForDeploymentPostprocessing = 0;
		};
/* End PBXFrameworksBuildPhase section */

/* Begin PBXGroup section */
		D50BA4F81503C5F7003D88DC /* MACollectionUtilities */ = {
			isa = PBXGroup;
			children = (
				D50BA4FA1503C630003D88DC /* MACollectionUtilities.h */,
				D50BA4FB1503C630003D88DC /* MACollectionUtilities.m */,
			);
			name = MACollectionUtilities;
			sourceTree = "<group>";
		};
		D56308451503B56700F3187F /* DocumentSearchTests */ = {
			isa = PBXGroup;
			children = (
				D56308461503B56700F3187F /* Supporting Files */,
				D56308521503B58100F3187F /* DocumentTests.h */,
				D56308531503B58100F3187F /* DocumentTests.m */,
				D50BA5021503CA70003D88DC /* DocumentsIndexTests.h */,
				D50BA5031503CA70003D88DC /* DocumentsIndexTests.m */,
				D5B73C53150814AE00E34F33 /* SqliteIndexTests.h */,
				D5B73C54150814AE00E34F33 /* SqliteIndexTests.m */,
			);
			path = DocumentSearchTests;
			sourceTree = "<group>";
		};
		D56308461503B56700F3187F /* Supporting Files */ = {
			isa = PBXGroup;
			children = (
				D56308471503B56700F3187F /* DocumentSearchTests-Info.plist */,
				D56308481503B56700F3187F /* InfoPlist.strings */,
				D563084E1503B56700F3187F /* DocumentSearchTests-Prefix.pch */,
			);
			name = "Supporting Files";
			sourceTree = "<group>";
		};
		D5ED17CE15013C1300D78E99 = {
			isa = PBXGroup;
			children = (
				D50BA4F81503C5F7003D88DC /* MACollectionUtilities */,
				D5ED17E315013C1400D78E99 /* DocumentSearch */,
				D56308451503B56700F3187F /* DocumentSearchTests */,
				D5ED17DC15013C1400D78E99 /* Frameworks */,
				D5ED17DA15013C1400D78E99 /* Products */,
			);
			sourceTree = "<group>";
		};
		D5ED17DA15013C1400D78E99 /* Products */ = {
			isa = PBXGroup;
			children = (
				D5ED17D915013C1400D78E99 /* DocumentSearch.app */,
				D56308411503B56700F3187F /* DocumentSearchTests.octest */,
			);
			name = Products;
			sourceTree = "<group>";
		};
		D5ED17DC15013C1400D78E99 /* Frameworks */ = {
			isa = PBXGroup;
			children = (
				D5ED18071501671700D78E99 /* libsqlite3.dylib */,
				D5ED17DD15013C1400D78E99 /* UIKit.framework */,
				D5ED17DF15013C1400D78E99 /* Foundation.framework */,
				D5ED17E115013C1400D78E99 /* CoreGraphics.framework */,
				D563082B1503B54100F3187F /* SenTestingKit.framework */,
			);
			name = Frameworks;
			sourceTree = "<group>";
		};
		D5ED17E315013C1400D78E99 /* DocumentSearch */ = {
			isa = PBXGroup;
			children = (
				D56308201503ACE000F3187F /* Document.h */,
				D56308211503ACE000F3187F /* Document.m */,
				D50BA4FE1503CA42003D88DC /* DocumentsIndex.h */,
				D50BA4FF1503CA42003D88DC /* DocumentsIndex.m */,
				D5B73C4E15080FE800E34F33 /* SqliteDocumentsIndex.h */,
				D5B73C4F15080FE800E34F33 /* SqliteDocumentsIndex.m */,
				D5ED17EC15013C1400D78E99 /* AppDelegate.h */,
				D5ED17ED15013C1400D78E99 /* AppDelegate.m */,
				D5ED17EF15013C1400D78E99 /* ViewController.h */,
				D5ED17F015013C1400D78E99 /* ViewController.m */,
				D5ED17F215013C1400D78E99 /* ViewController.xib */,
				D50BA50A15042633003D88DC /* DocumentViewController.h */,
				D50BA50B15042633003D88DC /* DocumentViewController.m */,
				D50BA50C15042634003D88DC /* DocumentViewController.xib */,
				D5ED17E415013C1400D78E99 /* Supporting Files */,
			);
			path = DocumentSearch;
			sourceTree = "<group>";
		};
		D5ED17E415013C1400D78E99 /* Supporting Files */ = {
			isa = PBXGroup;
			children = (
				D56308231503B52100F3187F /* maildir */,
				D5ED17E515013C1400D78E99 /* DocumentSearch-Info.plist */,
				D5ED17E615013C1400D78E99 /* InfoPlist.strings */,
				D5ED17E915013C1400D78E99 /* main.m */,
				D5ED17EB15013C1400D78E99 /* DocumentSearch-Prefix.pch */,
			);
			name = "Supporting Files";
			sourceTree = "<group>";
		};
/* End PBXGroup section */

/* Begin PBXNativeTarget section */
		D56308401503B56700F3187F /* DocumentSearchTests */ = {
			isa = PBXNativeTarget;
			buildConfigurationList = D563084F1503B56700F3187F /* Build configuration list for PBXNativeTarget "DocumentSearchTests" */;
			buildPhases = (
				D563083C1503B56700F3187F /* Sources */,
				D563083D1503B56700F3187F /* Frameworks */,
				D563083E1503B56700F3187F /* Resources */,
				D563083F1503B56700F3187F /* ShellScript */,
			);
			buildRules = (
			);
			dependencies = (
			);
			name = DocumentSearchTests;
			productName = DocumentSearchTests;
			productReference = D56308411503B56700F3187F /* DocumentSearchTests.octest */;
			productType = "com.apple.product-type.bundle";
		};
		D5ED17D815013C1400D78E99 /* DocumentSearch */ = {
			isa = PBXNativeTarget;
			buildConfigurationList = D5ED17F715013C1400D78E99 /* Build configuration list for PBXNativeTarget "DocumentSearch" */;
			buildPhases = (
				D5ED17D515013C1400D78E99 /* Sources */,
				D5ED17D615013C1400D78E99 /* Frameworks */,
				D5ED17D715013C1400D78E99 /* Resources */,
			);
			buildRules = (
			);
			dependencies = (
			);
			name = DocumentSearch;
			productName = Autocomplete;
			productReference = D5ED17D915013C1400D78E99 /* DocumentSearch.app */;
			productType = "com.apple.product-type.application";
		};
/* End PBXNativeTarget section */

/* Begin PBXProject section */
		D5ED17D015013C1300D78E99 /* Project object */ = {
			isa = PBXProject;
			attributes = {
				LastUpgradeCheck = 0430;
			};
			buildConfigurationList = D5ED17D315013C1300D78E99 /* Build configuration list for PBXProject "DocumentSearch" */;
			compatibilityVersion = "Xcode 3.2";
			developmentRegion = English;
			hasScannedForEncodings = 0;
			knownRegions = (
				en,
			);
			mainGroup = D5ED17CE15013C1300D78E99;
			productRefGroup = D5ED17DA15013C1400D78E99 /* Products */;
			projectDirPath = "";
			projectRoot = "";
			targets = (
				D5ED17D815013C1400D78E99 /* DocumentSearch */,
				D56308401503B56700F3187F /* DocumentSearchTests */,
			);
		};
/* End PBXProject section */

/* Begin PBXResourcesBuildPhase section */
		D563083E1503B56700F3187F /* Resources */ = {
			isa = PBXResourcesBuildPhase;
			buildActionMask = 2147483647;
			files = (
				D563084A1503B56700F3187F /* InfoPlist.strings in Resources */,
				D56308561503B87300F3187F /* maildir in Resources */,
			);
			runOnlyForDeploymentPostprocessing = 0;
		};
		D5ED17D715013C1400D78E99 /* Resources */ = {
			isa = PBXResourcesBuildPhase;
			buildActionMask = 2147483647;
			files = (
				D5ED17E815013C1400D78E99 /* InfoPlist.strings in Resources */,
				D5ED17F415013C1400D78E99 /* ViewController.xib in Resources */,
				D56308241503B52100F3187F /* maildir in Resources */,
				D50BA50E15042634003D88DC /* DocumentViewController.xib in Resources */,
			);
			runOnlyForDeploymentPostprocessing = 0;
		};
/* End PBXResourcesBuildPhase section */

/* Begin PBXShellScriptBuildPhase section */
		D563083F1503B56700F3187F /* ShellScript */ = {
			isa = PBXShellScriptBuildPhase;
			buildActionMask = 2147483647;
			files = (
			);
			inputPaths = (
			);
			outputPaths = (
			);
			runOnlyForDeploymentPostprocessing = 0;
			shellPath = /bin/sh;
			shellScript = "# Run the unit tests in this test bundle.\n\"${SYSTEM_DEVELOPER_DIR}/Tools/RunUnitTests\"\n";
		};
/* End PBXShellScriptBuildPhase section */

/* Begin PBXSourcesBuildPhase section */
		D563083C1503B56700F3187F /* Sources */ = {
			isa = PBXSourcesBuildPhase;
			buildActionMask = 2147483647;
			files = (
				D50BA4FD1503C7A9003D88DC /* MACollectionUtilities.m in Sources */,
				D56308551503B86500F3187F /* Document.m in Sources */,
				D56308541503B58100F3187F /* DocumentTests.m in Sources */,
				D50BA5011503CA42003D88DC /* DocumentsIndex.m in Sources */,
				D50BA5041503CA70003D88DC /* DocumentsIndexTests.m in Sources */,
				D5B73C5115080FE800E34F33 /* SqliteDocumentsIndex.m in Sources */,
				D5B73C55150814AE00E34F33 /* SqliteIndexTests.m in Sources */,
			);
			runOnlyForDeploymentPostprocessing = 0;
		};
		D5ED17D515013C1400D78E99 /* Sources */ = {
			isa = PBXSourcesBuildPhase;
			buildActionMask = 2147483647;
			files = (
				D5ED17EA15013C1400D78E99 /* main.m in Sources */,
				D5ED17EE15013C1400D78E99 /* AppDelegate.m in Sources */,
				D5ED17F115013C1400D78E99 /* ViewController.m in Sources */,
				D56308221503ACE000F3187F /* Document.m in Sources */,
				D50BA4FC1503C630003D88DC /* MACollectionUtilities.m in Sources */,
				D50BA5001503CA42003D88DC /* DocumentsIndex.m in Sources */,
				D50BA50D15042634003D88DC /* DocumentViewController.m in Sources */,
				D5B73C5015080FE800E34F33 /* SqliteDocumentsIndex.m in Sources */,
			);
			runOnlyForDeploymentPostprocessing = 0;
		};
/* End PBXSourcesBuildPhase section */

/* Begin PBXVariantGroup section */
		D56308481503B56700F3187F /* InfoPlist.strings */ = {
			isa = PBXVariantGroup;
			children = (
				D56308491503B56700F3187F /* en */,
			);
			name = InfoPlist.strings;
			sourceTree = "<group>";
		};
		D5ED17E615013C1400D78E99 /* InfoPlist.strings */ = {
			isa = PBXVariantGroup;
			children = (
				D5ED17E715013C1400D78E99 /* en */,
			);
			name = InfoPlist.strings;
			sourceTree = "<group>";
		};
		D5ED17F215013C1400D78E99 /* ViewController.xib */ = {
			isa = PBXVariantGroup;
			children = (
				D5ED17F315013C1400D78E99 /* en */,
			);
			name = ViewController.xib;
			sourceTree = "<group>";
		};
/* End PBXVariantGroup section */

/* Begin XCBuildConfiguration section */
		D56308501503B56700F3187F /* Debug */ = {
			isa = XCBuildConfiguration;
			buildSettings = {
				FRAMEWORK_SEARCH_PATHS = (
					"$(SDKROOT)/Developer/Library/Frameworks",
					"$(DEVELOPER_LIBRARY_DIR)/Frameworks",
				);
				GCC_PRECOMPILE_PREFIX_HEADER = YES;
				GCC_PREFIX_HEADER = "DocumentSearchTests/DocumentSearchTests-Prefix.pch";
				INFOPLIST_FILE = "DocumentSearchTests/DocumentSearchTests-Info.plist";
				PRODUCT_NAME = "$(TARGET_NAME)";
				WRAPPER_EXTENSION = octest;
			};
			name = Debug;
		};
		D56308511503B56700F3187F /* Release */ = {
			isa = XCBuildConfiguration;
			buildSettings = {
				FRAMEWORK_SEARCH_PATHS = (
					"$(SDKROOT)/Developer/Library/Frameworks",
					"$(DEVELOPER_LIBRARY_DIR)/Frameworks",
				);
				GCC_PRECOMPILE_PREFIX_HEADER = YES;
				GCC_PREFIX_HEADER = "DocumentSearchTests/DocumentSearchTests-Prefix.pch";
				INFOPLIST_FILE = "DocumentSearchTests/DocumentSearchTests-Info.plist";
				PRODUCT_NAME = "$(TARGET_NAME)";
				WRAPPER_EXTENSION = octest;
			};
			name = Release;
		};
		D5ED17F515013C1400D78E99 /* Debug */ = {
			isa = XCBuildConfiguration;
			buildSettings = {
				ALWAYS_SEARCH_USER_PATHS = NO;
				ARCHS = "$(ARCHS_STANDARD_32_BIT)";
				CLANG_ENABLE_OBJC_ARC = YES;
				"CODE_SIGN_IDENTITY[sdk=iphoneos*]" = "iPhone Developer";
				COPY_PHASE_STRIP = NO;
				GCC_C_LANGUAGE_STANDARD = gnu99;
				GCC_DYNAMIC_NO_PIC = NO;
				GCC_OPTIMIZATION_LEVEL = 0;
				GCC_PREPROCESSOR_DEFINITIONS = (
					"DEBUG=1",
					"$(inherited)",
				);
				GCC_SYMBOLS_PRIVATE_EXTERN = NO;
				GCC_VERSION = com.apple.compilers.llvm.clang.1_0;
				GCC_WARN_ABOUT_RETURN_TYPE = YES;
				GCC_WARN_UNINITIALIZED_AUTOS = YES;
				GCC_WARN_UNUSED_VARIABLE = YES;
				IPHONEOS_DEPLOYMENT_TARGET = 5.0;
				SDKROOT = iphoneos;
			};
			name = Debug;
		};
		D5ED17F615013C1400D78E99 /* Release */ = {
			isa = XCBuildConfiguration;
			buildSettings = {
				ALWAYS_SEARCH_USER_PATHS = NO;
				ARCHS = "$(ARCHS_STANDARD_32_BIT)";
				CLANG_ENABLE_OBJC_ARC = YES;
				"CODE_SIGN_IDENTITY[sdk=iphoneos*]" = "iPhone Developer";
				COPY_PHASE_STRIP = YES;
				GCC_C_LANGUAGE_STANDARD = gnu99;
				GCC_VERSION = com.apple.compilers.llvm.clang.1_0;
				GCC_WARN_ABOUT_RETURN_TYPE = YES;
				GCC_WARN_UNINITIALIZED_AUTOS = YES;
				GCC_WARN_UNUSED_VARIABLE = YES;
				IPHONEOS_DEPLOYMENT_TARGET = 5.0;
				OTHER_CFLAGS = "-DNS_BLOCK_ASSERTIONS=1";
				SDKROOT = iphoneos;
				VALIDATE_PRODUCT = YES;
			};
			name = Release;
		};
		D5ED17F815013C1400D78E99 /* Debug */ = {
			isa = XCBuildConfiguration;
			buildSettings = {
				GCC_PRECOMPILE_PREFIX_HEADER = YES;
				GCC_PREFIX_HEADER = "DocumentSearch/DocumentSearch-Prefix.pch";
				INFOPLIST_FILE = "DocumentSearch/DocumentSearch-Info.plist";
				IPHONEOS_DEPLOYMENT_TARGET = 5.0;
				PRODUCT_NAME = DocumentSearch;
				TARGETED_DEVICE_FAMILY = "1,2";
				WRAPPER_EXTENSION = app;
			};
			name = Debug;
		};
		D5ED17F915013C1400D78E99 /* Release */ = {
			isa = XCBuildConfiguration;
			buildSettings = {
				GCC_PRECOMPILE_PREFIX_HEADER = YES;
				GCC_PREFIX_HEADER = "DocumentSearch/DocumentSearch-Prefix.pch";
				INFOPLIST_FILE = "DocumentSearch/DocumentSearch-Info.plist";
				IPHONEOS_DEPLOYMENT_TARGET = 5.0;
				PRODUCT_NAME = DocumentSearch;
				TARGETED_DEVICE_FAMILY = "1,2";
				WRAPPER_EXTENSION = app;
			};
			name = Release;
		};
/* End XCBuildConfiguration section */

/* Begin XCConfigurationList section */
		D563084F1503B56700F3187F /* Build configuration list for PBXNativeTarget "DocumentSearchTests" */ = {
			isa = XCConfigurationList;
			buildConfigurations = (
				D56308501503B56700F3187F /* Debug */,
				D56308511503B56700F3187F /* Release */,
			);
			defaultConfigurationIsVisible = 0;
			defaultConfigurationName = Release;
		};
		D5ED17D315013C1300D78E99 /* Build configuration list for PBXProject "DocumentSearch" */ = {
			isa = XCConfigurationList;
			buildConfigurations = (
				D5ED17F515013C1400D78E99 /* Debug */,
				D5ED17F615013C1400D78E99 /* Release */,
			);
			defaultConfigurationIsVisible = 0;
			defaultConfigurationName = Release;
		};
		D5ED17F715013C1400D78E99 /* Build configuration list for PBXNativeTarget "DocumentSearch" */ = {
			isa = XCConfigurationList;
			buildConfigurations = (
				D5ED17F815013C1400D78E99 /* Debug */,
				D5ED17F915013C1400D78E99 /* Release */,
			);
			defaultConfigurationIsVisible = 0;
			defaultConfigurationName = Release;
		};
/* End XCConfigurationList section */
	};
	rootObject = D5ED17D015013C1300D78E99 /* Project object */;
}
